<?xml version="1.0" encoding="utf-8"?>
<Project ToolsVersion="4.0" xmlns="http://schemas.microsoft.com/developer/msbuild/2003">
  <ItemGroup>
    <Filter Include="00.WinMain">
      <UniqueIdentifier>{bb90331a-78b0-42ce-af97-4cb4d75b092c}</UniqueIdentifier>
    </Filter>
    <Filter Include="01.MainApp">
      <UniqueIdentifier>{25bbeac3-f206-4fbe-943b-1f36cd5c4246}</UniqueIdentifier>
    </Filter>
    <Filter Include="99.Default">
      <UniqueIdentifier>{1a6cbc17-2d1a-4937-aeaf-612b615bd38a}</UniqueIdentifier>
    </Filter>
    <Filter Include="99.Default\00.Resource">
      <UniqueIdentifier>{1635c511-4bac-4408-9489-e9e3e80b082f}</UniqueIdentifier>
    </Filter>
    <Filter Include="99.Default\01.Source">
      <UniqueIdentifier>{079cee99-eee2-4a25-8eb6-4af855d884d7}</UniqueIdentifier>
    </Filter>
    <Filter Include="99.Default\02.Header">
      <UniqueIdentifier>{ec26607a-a5ce-4131-add4-35df37eb826d}</UniqueIdentifier>
    </Filter>
    <Filter Include="98.Header">
      <UniqueIdentifier>{2ec1e780-d739-44ce-b07f-62620334d6bf}</UniqueIdentifier>
    </Filter>
    <Filter Include="02.GameObject">
      <UniqueIdentifier>{0a20d3ec-c734-4be1-b020-d56361c76945}</UniqueIdentifier>
    </Filter>
    <Filter Include="02.GameObject\00.Player">
      <UniqueIdentifier>{1d1c1fb3-1c35-4a8d-811e-2ae7537cd1f4}</UniqueIdentifier>
    </Filter>
    <Filter Include="97.Manager">
      <UniqueIdentifier>{d9a2978f-ffd3-467d-84eb-b69e467a795e}</UniqueIdentifier>
    </Filter>
    <Filter Include="97.Manager\00.KeyManager">
      <UniqueIdentifier>{24f7ef85-7311-4742-8a5f-69965f001b53}</UniqueIdentifier>
    </Filter>
    <Filter Include="02.GameObject\01.Camera">
      <UniqueIdentifier>{aee910d7-d828-42fc-8485-e62f4424a65a}</UniqueIdentifier>
    </Filter>
    <Filter Include="02.GameObject\01.Camera\00.PlayerCamera">
      <UniqueIdentifier>{e721a032-8c67-451c-8224-c78763f24efc}</UniqueIdentifier>
    </Filter>
    <Filter Include="02.GameObject\02.Mouse">
      <UniqueIdentifier>{4fdea5d4-8afb-4c53-ab46-b87c1521c3eb}</UniqueIdentifier>
    </Filter>
    <Filter Include="97.Manager\99.MsgManager">
      <UniqueIdentifier>{ae93a449-c5f4-4775-970e-117ac03e902c}</UniqueIdentifier>
    </Filter>
    <Filter Include="02.GameObject\00.Monster">
      <UniqueIdentifier>{79f9398c-aef0-4296-a2bc-e4d1840f75fa}</UniqueIdentifier>
    </Filter>
    <Filter Include="03.Scene">
      <UniqueIdentifier>{6964212a-0ad1-4029-8df3-8fbfb2d78db9}</UniqueIdentifier>
    </Filter>
    <Filter Include="03.Scene\00.Stage">
      <UniqueIdentifier>{0ac6a039-c17a-41cd-9e4a-e99e0312566d}</UniqueIdentifier>
    </Filter>
    <Filter Include="97.Manager\98.FactoryManager">
      <UniqueIdentifier>{e90e6a6e-ccd7-44f0-b078-f0b1efeb241b}</UniqueIdentifier>
    </Filter>
    <Filter Include="04.Pool">
      <UniqueIdentifier>{c51ad6bd-5f3b-4ffe-b9b1-d7eb0926d022}</UniqueIdentifier>
    </Filter>
    <Filter Include="04.Pool\00.Texture">
      <UniqueIdentifier>{98787254-f36a-4f1d-94d8-2ed164a5119a}</UniqueIdentifier>
    </Filter>
    <Filter Include="04.Pool\00.Texture\00.Base">
      <UniqueIdentifier>{dcd22ae4-dfce-4c8e-af03-644dd3be0f61}</UniqueIdentifier>
    </Filter>
    <Filter Include="04.Pool\00.Texture\01.Manager">
      <UniqueIdentifier>{f25cf7ac-6e50-43b2-af89-da368835d0bc}</UniqueIdentifier>
    </Filter>
    <Filter Include="02.GameObject\03.Sector">
      <UniqueIdentifier>{0c5aec88-7dd8-4872-82bb-317466d431f9}</UniqueIdentifier>
    </Filter>
    <Filter Include="03.Scene\01.Intro">
      <UniqueIdentifier>{45f3a4b4-745b-45bb-8788-2df9da9c3462}</UniqueIdentifier>
    </Filter>
    <Filter Include="02.GameObject\04.UI">
      <UniqueIdentifier>{1e580bcd-9ab1-4711-9a72-0d1a3129b852}</UniqueIdentifier>
    </Filter>
    <Filter Include="02.GameObject\04.UI\00.IntroBackGround">
      <UniqueIdentifier>{d169ca4b-f1b6-4e64-b60f-0f646a2122cf}</UniqueIdentifier>
    </Filter>
    <Filter Include="02.GameObject\04.UI\01.Star">
      <UniqueIdentifier>{1f295b24-9a9a-4608-9e11-6129dd2060af}</UniqueIdentifier>
    </Filter>
    <Filter Include="02.GameObject\04.UI\02.Logo">
      <UniqueIdentifier>{76ae1038-37be-4237-9286-cbc1f1944112}</UniqueIdentifier>
    </Filter>
    <Filter Include="02.GameObject\00.Monster\01.Bub">
      <UniqueIdentifier>{9d28111f-dabd-4384-8621-dd59724a2e7e}</UniqueIdentifier>
    </Filter>
    <Filter Include="02.GameObject\00.Monster\00.Base">
      <UniqueIdentifier>{c5cd3b14-455a-4985-8182-275f1de6cd29}</UniqueIdentifier>
    </Filter>
    <Filter Include="02.GameObject\00.Monster\02.Rub">
      <UniqueIdentifier>{64ae2fb8-dda6-45c6-a052-2b5dd0536e59}</UniqueIdentifier>
    </Filter>
    <Filter Include="02.GameObject\00.Monster\03.sqrNub">
      <UniqueIdentifier>{dc7761c8-c59b-4f53-b223-1ecdbe06c826}</UniqueIdentifier>
    </Filter>
    <Filter Include="02.GameObject\00.Monster\04.Turret">
      <UniqueIdentifier>{d11ea759-a664-4104-9a32-a8aa24a85eb5}</UniqueIdentifier>
    </Filter>
    <Filter Include="02.GameObject\00.Monster\04.Turret\00.TurretBullet">
      <UniqueIdentifier>{d20bc0d3-5ee7-4b87-9583-e72424dc4663}</UniqueIdentifier>
    </Filter>
    <Filter Include="02.GameObject\99.Trigger">
      <UniqueIdentifier>{b2d4931d-f887-4fc3-831b-70b26ddeb176}</UniqueIdentifier>
    </Filter>
    <Filter Include="02.GameObject\04.Bullet">
      <UniqueIdentifier>{37d58b97-5d68-4628-b3a4-6eb877924076}</UniqueIdentifier>
    </Filter>
    <Filter Include="02.GameObject\04.Bullet\00.Base">
      <UniqueIdentifier>{a09e32af-f961-4af2-8d6d-3d4062889a86}</UniqueIdentifier>
    </Filter>
    <Filter Include="02.GameObject\04.Bullet\01.PlayerBullet">
      <UniqueIdentifier>{6ac1f5d0-c9c5-4beb-8503-fe75932c46e9}</UniqueIdentifier>
    </Filter>
    <Filter Include="02.GameObject\04.UI\03.Ammo">
      <UniqueIdentifier>{75108c0d-c752-453e-a185-f06d938b8c52}</UniqueIdentifier>
    </Filter>
    <Filter Include="02.GameObject\04.UI\05.Heart">
      <UniqueIdentifier>{ed44e63c-cdd1-413e-878a-3156b3f131f4}</UniqueIdentifier>
    </Filter>
    <Filter Include="02.GameObject\04.UI\05.Heart\00.Base">
      <UniqueIdentifier>{0a1ee56a-c497-49ce-8d16-acf663145f8f}</UniqueIdentifier>
    </Filter>
    <Filter Include="02.GameObject\04.UI\05.Heart\01.Manager">
      <UniqueIdentifier>{20c4dfb7-b07e-4085-9f6f-010c1f6680c7}</UniqueIdentifier>
    </Filter>
    <Filter Include="02.GameObject\00.Monster\05.Walker">
      <UniqueIdentifier>{9ac9aeb7-1dd0-4738-bf34-2768d543189b}</UniqueIdentifier>
    </Filter>
    <Filter Include="02.GameObject\00.Monster\05.Walker\00.WalkerBullet">
      <UniqueIdentifier>{1bb31730-009a-4135-aa31-6884edac8f94}</UniqueIdentifier>
    </Filter>
    <Filter Include="02.GameObject\00.Monster\06.Cryder">
      <UniqueIdentifier>{76e6b108-3c64-4079-8c0c-15f30dac35cd}</UniqueIdentifier>
    </Filter>
    <Filter Include="02.GameObject\04.UI\06.CrossHair">
      <UniqueIdentifier>{5c2f5261-9c7c-4de6-9d12-215c266c3d51}</UniqueIdentifier>
    </Filter>
    <Filter Include="02.GameObject\05.SkyBox">
      <UniqueIdentifier>{363babe2-3135-4c4d-a0c8-c573bed24618}</UniqueIdentifier>
    </Filter>
    <Filter Include="02.GameObject\00.Monster\07.Egg">
      <UniqueIdentifier>{3d0ea45b-5eaf-46d0-a775-ed6c2a8086d6}</UniqueIdentifier>
    </Filter>
    <Filter Include="02.GameObject\00.Monster\08.WalkerBoss">
      <UniqueIdentifier>{55bad240-36c5-4a41-9afc-498987cd0d6e}</UniqueIdentifier>
    </Filter>
    <Filter Include="02.GameObject\00.Monster\08.WalkerBoss\00.WalkerBossBullet">
      <UniqueIdentifier>{d83ba554-4f77-43cd-a8aa-0a0d7deafa88}</UniqueIdentifier>
    </Filter>
    <Filter Include="02.GameObject\06.Tile">
      <UniqueIdentifier>{90005640-4976-48fb-a0c6-3e2d96eeb226}</UniqueIdentifier>
    </Filter>
    <Filter Include="02.GameObject\06.Tile\00.Base">
      <UniqueIdentifier>{8068bcee-e837-4983-a325-898f59b68f41}</UniqueIdentifier>
    </Filter>
    <Filter Include="02.GameObject\06.Tile\01.ElectricTile">
      <UniqueIdentifier>{5ed45fec-23eb-4bff-a9ea-6e25c0034004}</UniqueIdentifier>
    </Filter>
    <Filter Include="02.GameObject\06.Tile\02.SwampTile">
      <UniqueIdentifier>{b7ef9ff9-af1e-4e22-a2f0-886b57cc963d}</UniqueIdentifier>
    </Filter>
    <Filter Include="02.GameObject\06.Tile\03.LavaTile">
      <UniqueIdentifier>{54bf23cf-a0dc-41c6-9a38-2e8b52f110bd}</UniqueIdentifier>
    </Filter>
    <Filter Include="02.GameObject\06.Tile\04.SandTile">
      <UniqueIdentifier>{3cb12dce-c847-4d01-9fa4-f0a316a725a2}</UniqueIdentifier>
    </Filter>
    <Filter Include="02.GameObject\07.trap">
      <UniqueIdentifier>{fb63990f-4f7d-441c-b4e5-3eefef15f005}</UniqueIdentifier>
    </Filter>
    <Filter Include="02.GameObject\07.trap\00.Slider">
      <UniqueIdentifier>{29973fc6-e40b-45a8-916b-aaade504ded6}</UniqueIdentifier>
    </Filter>
    <Filter Include="97.Manager\01.SoundMananger">
      <UniqueIdentifier>{f5d8778e-f6fe-4a08-bf75-db8dcef7e6dc}</UniqueIdentifier>
    </Filter>
    <Filter Include="02.GameObject\00.Monster\09.NubBoss">
      <UniqueIdentifier>{c3013dea-5393-414e-b860-b2486a6d128f}</UniqueIdentifier>
    </Filter>
    <Filter Include="02.GameObject\00.Monster\10.TreeBoss">
      <UniqueIdentifier>{36d85e09-af05-404b-836a-abf26d0ea8df}</UniqueIdentifier>
    </Filter>
    <Filter Include="02.GameObject\00.Monster\10.TreeBoss\00.DoomBird">
      <UniqueIdentifier>{5ea202ad-53da-4903-83bd-367c0c50fbd7}</UniqueIdentifier>
    </Filter>
    <Filter Include="02.GameObject\00.Monster\10.TreeBoss\01.RoboBird">
      <UniqueIdentifier>{ea2a3bb8-9c05-4ebf-b0f9-405c501834a0}</UniqueIdentifier>
    </Filter>
    <Filter Include="97.Manager\02.LightManager">
      <UniqueIdentifier>{b92e58a0-b4ad-46a2-a01b-3d17e9c541fe}</UniqueIdentifier>
    </Filter>
    <Filter Include="02.GameObject\00.Monster\10.TreeBoss\02.RootAttack">
      <UniqueIdentifier>{19db4f16-21e4-4918-84c3-7b8cf9c4e64e}</UniqueIdentifier>
    </Filter>
    <Filter Include="02.GameObject\00.Monster\11.WormBoss">
      <UniqueIdentifier>{15929005-3feb-481b-8ac6-84b0b1e86970}</UniqueIdentifier>
    </Filter>
    <Filter Include="02.GameObject\98.Collider">
      <UniqueIdentifier>{58a8a365-70c5-44d5-8bd8-afdad690e1ff}</UniqueIdentifier>
    </Filter>
    <Filter Include="02.GameObject\98.Collider\00.Floor">
      <UniqueIdentifier>{bb9488e4-0a8d-4eb0-b943-0add604479d6}</UniqueIdentifier>
    </Filter>
    <Filter Include="02.GameObject\98.Collider\01.Wall">
      <UniqueIdentifier>{ee5652e1-6be2-47da-91fb-ab7ef2709099}</UniqueIdentifier>
    </Filter>
    <Filter Include="02.GameObject\00.Monster\11.WormBoss\01.WormBossBody">
      <UniqueIdentifier>{dc899071-0ec9-4522-a8df-2f13da676951}</UniqueIdentifier>
    </Filter>
    <Filter Include="02.GameObject\99.Trigger\00.Base">
      <UniqueIdentifier>{d102a459-870f-4f24-936e-fa4649a1bf6f}</UniqueIdentifier>
    </Filter>
    <Filter Include="02.GameObject\99.Trigger\01.RoomTrigger">
      <UniqueIdentifier>{9b80813f-ef7b-40ad-9d8d-f622faef8a47}</UniqueIdentifier>
    </Filter>
    <Filter Include="02.GameObject\08.Objstacle">
      <UniqueIdentifier>{1403aea3-afc2-4c34-9859-eb2b782f80c8}</UniqueIdentifier>
    </Filter>
    <Filter Include="02.GameObject\08.Objstacle\00.Base">
      <UniqueIdentifier>{56a0b881-2444-4695-a7f0-710b63b4f147}</UniqueIdentifier>
    </Filter>
    <Filter Include="02.GameObject\08.Objstacle\01.Piramid">
      <UniqueIdentifier>{3bc37bbc-8183-47dd-9e0d-1ba50377df0d}</UniqueIdentifier>
    </Filter>
    <Filter Include="02.GameObject\10.Effect">
      <UniqueIdentifier>{f59f9308-2194-4032-ac94-b37a843981d1}</UniqueIdentifier>
    </Filter>
    <Filter Include="02.GameObject\10.Effect\00.Blood">
      <UniqueIdentifier>{256c113b-9904-4aa0-8c0a-58ea0c813e7b}</UniqueIdentifier>
    </Filter>
    <Filter Include="02.GameObject\10.Effect\01.SmallExlode">
      <UniqueIdentifier>{3f3fad91-eadf-47c2-889b-f3d0ec5ac01d}</UniqueIdentifier>
    </Filter>
    <Filter Include="02.GameObject\10.Effect\02.Explosion">
      <UniqueIdentifier>{517fb84c-b9c4-4ad9-a42c-bc35d17d0ec6}</UniqueIdentifier>
    </Filter>
    <Filter Include="02.GameObject\10.Effect\03.ExplosionBlue">
      <UniqueIdentifier>{86c19cbb-63a1-4083-90d2-4a6119e82e5f}</UniqueIdentifier>
    </Filter>
    <Filter Include="02.GameObject\11.Npc">
      <UniqueIdentifier>{30cb7abd-9784-44b5-824d-d975a6f80eea}</UniqueIdentifier>
    </Filter>
    <Filter Include="02.GameObject\11.Npc\00.Phubans">
      <UniqueIdentifier>{1b3a349e-bde7-4a48-bdea-feb7ee75a8ff}</UniqueIdentifier>
    </Filter>
    <Filter Include="02.GameObject\10.Effect\04.BulletSpark">
      <UniqueIdentifier>{cfdf14c4-dcef-4919-bcac-26a9209ac4e9}</UniqueIdentifier>
    </Filter>
    <Filter Include="02.GameObject\04.UI\07.WeaponHUD">
      <UniqueIdentifier>{8a7424f0-12ea-477b-b5ba-60cae37285ec}</UniqueIdentifier>
    </Filter>
    <Filter Include="02.GameObject\04.UI\08.Gem">
      <UniqueIdentifier>{a70696be-9887-47de-9cb3-3fe334ed997c}</UniqueIdentifier>
    </Filter>
    <Filter Include="02.GameObject\04.UI\08.Gem\00.Icon">
      <UniqueIdentifier>{4d4c3641-347b-4d93-888b-789dbd461ef0}</UniqueIdentifier>
    </Filter>
    <Filter Include="02.GameObject\04.UI\08.Gem\01.Text">
      <UniqueIdentifier>{ceeeac3f-a8c0-45e4-bdf1-e285eafa7fe1}</UniqueIdentifier>
    </Filter>
    <Filter Include="02.GameObject\04.UI\09.Disc">
      <UniqueIdentifier>{5d4b1b5b-277f-4d23-a695-fa4ce08307f8}</UniqueIdentifier>
    </Filter>
    <Filter Include="02.GameObject\04.UI\09.Disc\00.Icon">
      <UniqueIdentifier>{d2090282-6334-4379-99d6-7df4998ec0ab}</UniqueIdentifier>
    </Filter>
    <Filter Include="02.GameObject\04.UI\10.MiniMap">
      <UniqueIdentifier>{6cc35703-5194-40a1-9ec1-f268831f7897}</UniqueIdentifier>
    </Filter>
    <Filter Include="02.GameObject\04.UI\10.MiniMap\00.Frame">
      <UniqueIdentifier>{45555c0d-4555-4099-8ebc-d0e2751dddc9}</UniqueIdentifier>
    </Filter>
    <Filter Include="02.GameObject\04.UI\10.MiniMap\01.CardinalPoint">
      <UniqueIdentifier>{516d9051-051a-40c1-9ae3-c902a393ec45}</UniqueIdentifier>
    </Filter>
    <Filter Include="02.GameObject\04.UI\10.MiniMap\02.MiniMap">
      <UniqueIdentifier>{f81d022d-29c2-442a-a157-bde99e449940}</UniqueIdentifier>
    </Filter>
    <Filter Include="02.GameObject\04.UI\10.MiniMap\03.MiniMapRenderer">
      <UniqueIdentifier>{b77a6856-00a3-42e5-9fc5-deb16db71c1d}</UniqueIdentifier>
    </Filter>
    <Filter Include="02.GameObject\04.UI\10.MiniMap\02.MiniMap\00.Partial">
      <UniqueIdentifier>{8f202af6-aa3e-4bdb-8ce0-d6084ce6edb6}</UniqueIdentifier>
    </Filter>
    <Filter Include="02.GameObject\04.Bullet\01.PlayerBullet\00.NormalBullet">
      <UniqueIdentifier>{bc1bd2aa-94a0-43fb-a0d5-f4ee4f9c6a81}</UniqueIdentifier>
    </Filter>
    <Filter Include="02.GameObject\04.Bullet\01.PlayerBullet\01.BigBullet">
      <UniqueIdentifier>{52877393-bac0-4da6-b5de-5d7d53e2c9eb}</UniqueIdentifier>
    </Filter>
    <Filter Include="97.Manager\97.UtilityManager">
      <UniqueIdentifier>{8f37801a-0178-4152-abeb-de9a1ddcde48}</UniqueIdentifier>
    </Filter>
    <Filter Include="02.GameObject\04.Bullet\01.PlayerBullet\03.FlameBullet">
      <UniqueIdentifier>{c1a6eaea-93fb-4274-9832-ce9b2c6c7f81}</UniqueIdentifier>
    </Filter>
    <Filter Include="02.GameObject\04.Bullet\01.PlayerBullet\02.TripleBullet">
      <UniqueIdentifier>{6bcbcdf7-124a-4072-a746-febb78aaf5c0}</UniqueIdentifier>
    </Filter>
    <Filter Include="02.GameObject\04.Bullet\01.PlayerBullet\04.Laser">
      <UniqueIdentifier>{946a32fe-7d51-49ae-9004-6f168cb592a7}</UniqueIdentifier>
    </Filter>
    <Filter Include="02.GameObject\00.Monster\11.WormBoss\01.WormBossBody\WormBody1">
      <UniqueIdentifier>{35a08f38-ddaa-4fa5-af70-df2e67f074e4}</UniqueIdentifier>
    </Filter>
    <Filter Include="02.GameObject\00.Monster\11.WormBoss\01.WormBossBody\WormBody2">
      <UniqueIdentifier>{73ca9bea-c98f-4649-ab7a-a7bd4e23fe3c}</UniqueIdentifier>
    </Filter>
    <Filter Include="02.GameObject\00.Monster\11.WormBoss\01.WormBossBody\WormBody3">
      <UniqueIdentifier>{73a7bf48-27f6-4e4c-a70e-b03eee50fd51}</UniqueIdentifier>
    </Filter>
    <Filter Include="02.GameObject\00.Monster\11.WormBoss\01.WormBossBody\WormBody4">
      <UniqueIdentifier>{7b31d9fe-9812-42a6-b51a-e8c8e2abc77c}</UniqueIdentifier>
    </Filter>
    <Filter Include="02.GameObject\00.Monster\11.WormBoss\01.WormBossBody\WormTail">
      <UniqueIdentifier>{db709d0f-8952-4af6-b6eb-23c6ba6c0f50}</UniqueIdentifier>
    </Filter>
    <Filter Include="02.GameObject\04.UI\09.Disc\01.Text">
      <UniqueIdentifier>{d96db6b3-6b2f-4de6-b07f-46df8cef91f9}</UniqueIdentifier>
    </Filter>
    <Filter Include="02.GameObject\04.UI\11.BossHP">
      <UniqueIdentifier>{6d39190d-7fbc-41f4-980e-da64368eff84}</UniqueIdentifier>
    </Filter>
    <Filter Include="02.GameObject\04.UI\11.BossHP\01.Frame">
      <UniqueIdentifier>{299e02a6-383f-4971-8a69-f5efd05639d6}</UniqueIdentifier>
    </Filter>
    <Filter Include="02.GameObject\04.UI\11.BossHP\02.Bar">
      <UniqueIdentifier>{0243f3d4-f6e2-4e6a-b590-1a5e6f0f91d1}</UniqueIdentifier>
    </Filter>
    <Filter Include="02.GameObject\04.UI\11.BossHP\03.Text">
      <UniqueIdentifier>{edf22b5f-0f40-4e2a-87e1-ed510d93ab65}</UniqueIdentifier>
    </Filter>
    <Filter Include="02.GameObject\04.UI\11.BossHP\00.Base">
      <UniqueIdentifier>{5f30ab18-5f2a-42d8-bb5f-11143f518d97}</UniqueIdentifier>
    </Filter>
    <Filter Include="02.GameObject\04.UI\12.Dialog">
      <UniqueIdentifier>{82f8fbab-62c9-4701-86b9-783836153330}</UniqueIdentifier>
    </Filter>
    <Filter Include="02.GameObject\04.UI\12.Dialog\01.Frame">
      <UniqueIdentifier>{7a0d8b29-a8ae-4dab-8e96-500df1cfcc44}</UniqueIdentifier>
    </Filter>
    <Filter Include="02.GameObject\04.UI\12.Dialog\02.Portrait">
      <UniqueIdentifier>{4063cb51-2ccf-43c4-8362-58ae3af70ae1}</UniqueIdentifier>
    </Filter>
    <Filter Include="02.GameObject\04.UI\12.Dialog\03.Text">
      <UniqueIdentifier>{01ab6949-37a2-4d3e-883c-0676b2a53c06}</UniqueIdentifier>
    </Filter>
    <Filter Include="02.GameObject\04.UI\12.Dialog\00.Base">
      <UniqueIdentifier>{ccb7aadd-b80e-41a7-9cf2-8b0db299629b}</UniqueIdentifier>
    </Filter>
    <Filter Include="02.GameObject\04.UI\12.Dialog\04.TextArrow">
      <UniqueIdentifier>{47bd57ca-b6f5-4f9e-a765-dda5f522fc78}</UniqueIdentifier>
    </Filter>
    <Filter Include="03.Scene\02.Loading">
      <UniqueIdentifier>{45fa1bf4-e78b-4d7c-8dd5-a063d4d8a025}</UniqueIdentifier>
    </Filter>
    <Filter Include="02.GameObject\04.UI\13.Loading">
      <UniqueIdentifier>{9425fa50-cfd0-4524-93f7-f4d6987eb312}</UniqueIdentifier>
    </Filter>
    <Filter Include="02.GameObject\04.UI\13.Loading\00.BackGround">
      <UniqueIdentifier>{8bbc090e-05af-472c-8f7a-80ae349cf3c1}</UniqueIdentifier>
    </Filter>
    <Filter Include="02.GameObject\04.UI\13.Loading\01.Text">
      <UniqueIdentifier>{2570fb47-c5d6-4b88-8761-44f984c30ac0}</UniqueIdentifier>
    </Filter>
    <Filter Include="02.GameObject\00.Player\01.Gun">
      <UniqueIdentifier>{3e4b5be8-19dc-4c46-990f-a4c2a4fbb1e8}</UniqueIdentifier>
    </Filter>
    <Filter Include="97.Manager\03.CameraManger">
      <UniqueIdentifier>{d850c5b5-9c1b-4237-82af-faef2b930f01}</UniqueIdentifier>
    </Filter>
    <Filter Include="02.GameObject\12.Shop">
      <UniqueIdentifier>{523b28ec-0226-4a32-92ab-5021a193d49e}</UniqueIdentifier>
    </Filter>
    <Filter Include="02.GameObject\12.Shop\00.Ammo">
      <UniqueIdentifier>{d836b055-bbaf-4cf0-b319-65c10756daa1}</UniqueIdentifier>
    </Filter>
    <Filter Include="02.GameObject\12.Shop\01.Armor">
      <UniqueIdentifier>{8a9907b8-cc7b-4fbd-84cd-d22e030eda33}</UniqueIdentifier>
    </Filter>
    <Filter Include="02.GameObject\12.Shop\02.BigShot">
      <UniqueIdentifier>{68cabca7-fc75-454d-88cd-f4f5103fd925}</UniqueIdentifier>
    </Filter>
    <Filter Include="02.GameObject\11.Npc\01.Cactus">
      <UniqueIdentifier>{cfb8d0fa-7184-4eb2-a2ed-0743c62ad2e8}</UniqueIdentifier>
    </Filter>
    <Filter Include="02.GameObject\11.Npc\02.Derek">
      <UniqueIdentifier>{b7be7448-660d-401e-ac43-aa352ea14223}</UniqueIdentifier>
    </Filter>
    <Filter Include="02.GameObject\11.Npc\03.Edragon">
      <UniqueIdentifier>{248d53e8-cdf2-49f3-a387-9dba1efa3ee1}</UniqueIdentifier>
    </Filter>
    <Filter Include="02.GameObject\04.UI\03.Ammo\01.Frame">
      <UniqueIdentifier>{b7030400-c1df-4a76-abba-e11665a034be}</UniqueIdentifier>
    </Filter>
    <Filter Include="02.GameObject\04.UI\03.Ammo\02.Gauge">
      <UniqueIdentifier>{aec674f9-d85e-429a-b40f-22aefcbd088d}</UniqueIdentifier>
    </Filter>
    <Filter Include="02.GameObject\04.UI\03.Ammo\00.Base">
      <UniqueIdentifier>{1fd12bcd-5cd6-4883-9789-43fcec4295f9}</UniqueIdentifier>
    </Filter>
    <Filter Include="02.GameObject\04.UI\03.Ammo\03.Icon">
      <UniqueIdentifier>{acafad31-537e-4a5e-b9a4-aacbba687e4d}</UniqueIdentifier>
    </Filter>
    <Filter Include="02.GameObject\04.UI\03.Ammo\02.Gauge\00.Ammo">
      <UniqueIdentifier>{f3b0bfaf-aaec-4157-8ace-3796df34e836}</UniqueIdentifier>
    </Filter>
    <Filter Include="02.GameObject\04.UI\03.Ammo\02.Gauge\01.Skill">
      <UniqueIdentifier>{90686162-3327-48ee-adb9-4ab3e4051818}</UniqueIdentifier>
    </Filter>
    <Filter Include="02.GameObject\04.UI\03.Ammo\03.Icon\00.Base">
      <UniqueIdentifier>{8c46727d-5636-4b9f-b724-06275c866ab0}</UniqueIdentifier>
    </Filter>
    <Filter Include="02.GameObject\04.UI\03.Ammo\03.Icon\01.HighLight">
      <UniqueIdentifier>{9a29ed00-8b82-4f54-8818-36ba1fe28aee}</UniqueIdentifier>
    </Filter>
    <Filter Include="02.GameObject\00.Monster\12.Worm">
      <UniqueIdentifier>{5add753d-3b72-4e7e-8814-7fa0a8407f98}</UniqueIdentifier>
    </Filter>
    <Filter Include="02.GameObject\00.Monster\12.Worm\00.Base">
      <UniqueIdentifier>{d4cdc041-1211-47d8-809d-d42ffbee0fb9}</UniqueIdentifier>
    </Filter>
    <Filter Include="02.GameObject\00.Monster\12.Worm\01.Part">
      <UniqueIdentifier>{08f3ffca-0773-430e-8ed6-bb55af5ea7f5}</UniqueIdentifier>
    </Filter>
    <Filter Include="02.GameObject\00.Monster\12.Worm\01.Part\00.Base">
      <UniqueIdentifier>{e0c9438c-bbd7-4d66-b66b-ccf4450759ce}</UniqueIdentifier>
    </Filter>
    <Filter Include="02.GameObject\00.Monster\12.Worm\01.Part\01.Body">
      <UniqueIdentifier>{88dc6511-e61a-4980-9f4e-92fdbdc58838}</UniqueIdentifier>
    </Filter>
    <Filter Include="02.GameObject\00.Monster\12.Worm\01.Part\02.Tail">
      <UniqueIdentifier>{7e9ee16d-a936-45f2-91bd-07efd0a85a19}</UniqueIdentifier>
    </Filter>
    <Filter Include="02.GameObject\00.Monster\12.Worm\01.Part\03.Connector">
      <UniqueIdentifier>{027f5ce9-773c-456a-8303-8ea3eb486d00}</UniqueIdentifier>
    </Filter>
    <Filter Include="02.GameObject\00.Monster\12.Worm\02.Bullet">
      <UniqueIdentifier>{dee2a93a-1a3b-44e7-b340-760a19ff3e3f}</UniqueIdentifier>
    </Filter>
    <Filter Include="02.GameObject\99.Trigger\98.Gizmo">
      <UniqueIdentifier>{7abbe298-8efa-4661-8fe5-6b2a1597fc81}</UniqueIdentifier>
    </Filter>
    <Filter Include="02.GameObject\99.Trigger\98.Gizmo\00.PlayerSpawn">
      <UniqueIdentifier>{0c15ffeb-e1e5-476e-9d89-76457ca9c176}</UniqueIdentifier>
    </Filter>
    <Filter Include="02.GameObject\99.Trigger\98.Gizmo\01.BulletSpawn">
      <UniqueIdentifier>{84291075-3e58-4e64-8013-b1df7d15e855}</UniqueIdentifier>
    </Filter>
    <Filter Include="02.GameObject\04.UI\14.Focus">
      <UniqueIdentifier>{1fe1766a-2317-40c9-b7c6-c8123e69bf39}</UniqueIdentifier>
    </Filter>
    <Filter Include="02.GameObject\13.InterectionObject">
      <UniqueIdentifier>{20925498-6c0d-4edb-badd-22d0ab276540}</UniqueIdentifier>
    </Filter>
    <Filter Include="02.GameObject\13.InterectionObject\00.Base">
      <UniqueIdentifier>{75d969d3-1b9a-4b96-8c10-c4a72440af39}</UniqueIdentifier>
    </Filter>
    <Filter Include="97.Interface">
      <UniqueIdentifier>{ec497771-82c6-4695-9ba2-96caf03eea5f}</UniqueIdentifier>
    </Filter>
    <Filter Include="02.GameObject\13.InterectionObject\02.Switch">
      <UniqueIdentifier>{3a8a6179-31ae-4bbc-9032-9a035c09259b}</UniqueIdentifier>
    </Filter>
    <Filter Include="02.GameObject\13.InterectionObject\01.Door">
      <UniqueIdentifier>{d1b7fcfc-0acc-41a8-a9c2-6cceabca6816}</UniqueIdentifier>
    </Filter>
    <Filter Include="02.GameObject\10.Effect\05.SandBurst">
      <UniqueIdentifier>{1ae4060c-92a9-4485-b666-e665e2f19f6d}</UniqueIdentifier>
    </Filter>
    <Filter Include="02.GameObject\00.Monster\12.GreenBoy">
      <UniqueIdentifier>{792fcf4e-1174-41dd-bc0c-70f83a3b28b9}</UniqueIdentifier>
    </Filter>
    <Filter Include="02.GameObject\00.Monster\12.GreenBoy\00.GreenBoyHead">
      <UniqueIdentifier>{0ee02de3-ed9b-49c3-b736-375b613ae14e}</UniqueIdentifier>
    </Filter>
    <Filter Include="02.GameObject\00.Monster\12.GreenBoy\01.GreenBoyBody">
      <UniqueIdentifier>{3e85f399-71ca-4d9b-98d2-7412e488ccb4}</UniqueIdentifier>
    </Filter>
    <Filter Include="02.GameObject\00.Monster\12.GreenBoy\02.GreenBoyLeftHand">
      <UniqueIdentifier>{1aae7545-4a45-4197-9e1b-1e8b5a47b7b8}</UniqueIdentifier>
    </Filter>
    <Filter Include="02.GameObject\00.Monster\12.GreenBoy\03.GreenBoyRightHand">
      <UniqueIdentifier>{6afa4e7a-2199-4fc8-b22f-3c42f0891a97}</UniqueIdentifier>
    </Filter>
    <Filter Include="02.GameObject\00.Monster\12.GreenBoy\04.Flame">
      <UniqueIdentifier>{8a9aacca-c434-4023-8775-3f2ef8be1005}</UniqueIdentifier>
    </Filter>
    <Filter Include="02.GameObject\00.Monster\12.GreenBoy\05.FireBullet">
      <UniqueIdentifier>{59cac894-9169-448d-9b07-38969ae7d6c7}</UniqueIdentifier>
    </Filter>
    <Filter Include="02.GameObject\00.Monster\12.GreenBoy\06.IceBullet">
      <UniqueIdentifier>{bd3b8ee8-bb97-4302-929e-7d0cba91be38}</UniqueIdentifier>
    </Filter>
    <Filter Include="02.GameObject\00.Monster\12.GreenBoy\07.BloodHand">
      <UniqueIdentifier>{978000bf-40f0-4aa2-bc27-06d833cfeba0}</UniqueIdentifier>
    </Filter>
    <Filter Include="02.GameObject\09.Item">
      <UniqueIdentifier>{d8d5b25f-c4d5-46e6-a3f3-41335c0bc23e}</UniqueIdentifier>
    </Filter>
    <Filter Include="02.GameObject\08.Obstacle">
      <UniqueIdentifier>{1403aea3-afc2-4c34-9859-eb2b782f80c8}</UniqueIdentifier>
    </Filter>
    <Filter Include="02.GameObject\08.Obstacle\00.Base">
      <UniqueIdentifier>{56a0b881-2444-4695-a7f0-710b63b4f147}</UniqueIdentifier>
    </Filter>
    <Filter Include="02.GameObject\08.Obstacle\01.Piramid">
      <UniqueIdentifier>{3bc37bbc-8183-47dd-9e0d-1ba50377df0d}</UniqueIdentifier>
    </Filter>
    <Filter Include="02.GameObject\08.Obstacle\02.PiramidUnbreak">
      <UniqueIdentifier>{770120dd-2c36-4539-9cfe-5ba3d13d60dd}</UniqueIdentifier>
    </Filter>
    <Filter Include="02.GameObject\08.Obstacle\03.Pillar">
      <UniqueIdentifier>{420d7f5b-c55d-41b9-8f18-5cb80b9576c2}</UniqueIdentifier>
    </Filter>
    <Filter Include="02.GameObject\08.Obstacle\04.Gate">
      <UniqueIdentifier>{c99ac1e9-ee1f-4822-b1d8-bad9257f6b09}</UniqueIdentifier>
    </Filter>
    <Filter Include="02.GameObject\01.Camera\01.PuzzleRoomCamera">
      <UniqueIdentifier>{1950680b-394f-4806-84db-6a792aa9bd39}</UniqueIdentifier>
    </Filter>
    <Filter Include="02.GameObject\08.Obstacle\05.SlideBlock">
      <UniqueIdentifier>{c3ed037a-299a-4bad-9374-56953f393f1e}</UniqueIdentifier>
    </Filter>
    <Filter Include="03.Scene\03.FinalStage">
      <UniqueIdentifier>{62c8078e-edb1-4f51-b968-6fac40576137}</UniqueIdentifier>
    </Filter>
    <Filter Include="02.GameObject\00.Player\02.BattleShip">
      <UniqueIdentifier>{7906bd34-7827-4788-b54f-3093ac32a728}</UniqueIdentifier>
    </Filter>
    <Filter Include="02.GameObject\01.Camera\01.FinalCamera">
      <UniqueIdentifier>{f12f5949-be0a-4155-a753-030826be173f}</UniqueIdentifier>
    </Filter>
    <Filter Include="02.GameObject\14.StarParticle">
      <UniqueIdentifier>{626452ce-caaa-44fa-b5d1-520e06860735}</UniqueIdentifier>
    </Filter>
    <Filter Include="02.GameObject\14.StarParticle\Pool">
      <UniqueIdentifier>{9497941d-3952-4435-a1ef-ecfac35cf105}</UniqueIdentifier>
    </Filter>
    <Filter Include="02.GameObject\00.Monster\13.FinalBoss">
      <UniqueIdentifier>{101a6db0-01e2-44db-88f0-695c5216e54c}</UniqueIdentifier>
    </Filter>
    <Filter Include="02.GameObject\00.Player\02.BattleShip\00.Boost">
      <UniqueIdentifier>{6bbe9fef-7dcd-4bbf-a7b8-d66261110c12}</UniqueIdentifier>
    </Filter>
    <Filter Include="02.GameObject\00.Player\02.BattleShip\01.Bullet">
      <UniqueIdentifier>{b466bb5c-1ec7-4199-a1c9-7057a02c5105}</UniqueIdentifier>
    </Filter>
    <Filter Include="02.GameObject\00.Monster\13.FinalBoss\00.Bullet">
      <UniqueIdentifier>{76e5bbc4-ef58-43a5-b064-a93addc5e551}</UniqueIdentifier>
    </Filter>
    <Filter Include="02.GameObject\00.Monster\13.FinalBoss\00.Bullet\00.Normal">
      <UniqueIdentifier>{e8c69ad7-bb81-43cc-a3e9-0fa7f02b36fd}</UniqueIdentifier>
    </Filter>
    <Filter Include="02.GameObject\00.Monster\13.FinalBoss\00.Bullet\01.Laser">
      <UniqueIdentifier>{2dc3a12b-68e0-4e94-a5db-9d0bfed29d53}</UniqueIdentifier>
    </Filter>
    <Filter Include="02.GameObject\00.Monster\13.FinalBoss\00.Bullet\02.Explosion">
      <UniqueIdentifier>{440dc142-10a8-4ec0-88c7-e6edad79313f}</UniqueIdentifier>
    </Filter>
  </ItemGroup>
  <ItemGroup>
    <ClInclude Include="targetver.h">
      <Filter>99.Default\02.Header</Filter>
    </ClInclude>
    <ClInclude Include="stdafx.h">
      <Filter>99.Default\02.Header</Filter>
    </ClInclude>
    <ClInclude Include="Resource.h">
      <Filter>99.Default\02.Header</Filter>
    </ClInclude>
    <ClInclude Include="Client.h">
      <Filter>00.WinMain</Filter>
    </ClInclude>
    <ClInclude Include="..\Header\ClientDefine.h">
      <Filter>98.Header</Filter>
    </ClInclude>
    <ClInclude Include="..\Header\ClientExtern.h">
      <Filter>98.Header</Filter>
    </ClInclude>
    <ClInclude Include="..\Header\ClientInclude.h">
      <Filter>98.Header</Filter>
    </ClInclude>
    <ClInclude Include="..\Header\Stage.h">
      <Filter>03.Scene\00.Stage</Filter>
    </ClInclude>
    <ClInclude Include="..\Header\MainApp.h">
      <Filter>01.MainApp</Filter>
    </ClInclude>
    <ClInclude Include="..\Header\KeyManager.h">
      <Filter>97.Manager\00.KeyManager</Filter>
    </ClInclude>
    <ClInclude Include="..\Header\PlayerCamera.h">
      <Filter>02.GameObject\01.Camera\00.PlayerCamera</Filter>
    </ClInclude>
    <ClInclude Include="..\Header\Mouse.h">
      <Filter>02.GameObject\02.Mouse</Filter>
    </ClInclude>
    <ClInclude Include="..\Header\MsgManager.h">
      <Filter>97.Manager\99.MsgManager</Filter>
    </ClInclude>
    <ClInclude Include="..\Header\Bub.h">
      <Filter>02.GameObject\00.Monster\01.Bub</Filter>
    </ClInclude>
    <ClInclude Include="..\Header\FactoryManager.h">
      <Filter>97.Manager\98.FactoryManager</Filter>
    </ClInclude>
    <ClInclude Include="..\Header\ClientEnum.h">
      <Filter>98.Header</Filter>
    </ClInclude>
    <ClInclude Include="..\Header\TexturePool.h">
      <Filter>04.Pool\00.Texture\00.Base</Filter>
    </ClInclude>
    <ClInclude Include="..\Header\TexturePoolManager.h">
      <Filter>04.Pool\00.Texture\01.Manager</Filter>
    </ClInclude>
    <ClInclude Include="..\Header\Player.h">
      <Filter>02.GameObject\00.Player</Filter>
    </ClInclude>
    <ClInclude Include="..\Header\Sector.h">
      <Filter>02.GameObject\03.Sector</Filter>
    </ClInclude>
    <ClInclude Include="..\Header\Monster.h">
      <Filter>02.GameObject\00.Monster\00.Base</Filter>
    </ClInclude>
    <ClInclude Include="..\Header\PlayerSpawn.h">
      <Filter>02.GameObject\99.Trigger\98.Gizmo\00.PlayerSpawn</Filter>
    </ClInclude>
    <ClInclude Include="..\Header\Bullet.h">
      <Filter>02.GameObject\04.Bullet\00.Base</Filter>
    </ClInclude>
    <ClInclude Include="..\Header\BulletSpawn.h">
      <Filter>02.GameObject\99.Trigger\98.Gizmo\01.BulletSpawn</Filter>
    </ClInclude>
    <ClInclude Include="..\Header\Intro.h">
      <Filter>03.Scene\01.Intro</Filter>
    </ClInclude>
    <ClInclude Include="..\Header\IntroBackGround.h">
      <Filter>02.GameObject\04.UI\00.IntroBackGround</Filter>
    </ClInclude>
    <ClInclude Include="..\Header\Logo.h">
      <Filter>02.GameObject\04.UI\02.Logo</Filter>
    </ClInclude>
    <ClInclude Include="..\Header\Star.h">
      <Filter>02.GameObject\04.UI\01.Star</Filter>
    </ClInclude>
    <ClInclude Include="..\Header\sqrNub.h">
      <Filter>02.GameObject\00.Monster\03.sqrNub</Filter>
    </ClInclude>
    <ClInclude Include="..\Header\Rub.h">
      <Filter>02.GameObject\00.Monster\02.Rub</Filter>
    </ClInclude>
    <ClInclude Include="..\Header\Turret.h">
      <Filter>02.GameObject\00.Monster\04.Turret</Filter>
    </ClInclude>
    <ClInclude Include="..\Header\TurretBullet.h">
      <Filter>02.GameObject\00.Monster\04.Turret\00.TurretBullet</Filter>
    </ClInclude>
    <ClInclude Include="..\Header\AmmoFrame.h">
      <Filter>02.GameObject\04.UI\03.Ammo\01.Frame</Filter>
    </ClInclude>
    <ClInclude Include="..\Header\Heart.h">
      <Filter>02.GameObject\04.UI\05.Heart\00.Base</Filter>
    </ClInclude>
    <ClInclude Include="..\Header\HeartManager.h">
      <Filter>02.GameObject\04.UI\05.Heart\01.Manager</Filter>
    </ClInclude>
    <ClInclude Include="..\Header\Walker.h">
      <Filter>02.GameObject\00.Monster\05.Walker</Filter>
    </ClInclude>
    <ClInclude Include="..\Header\WalkerBullet.h">
      <Filter>02.GameObject\00.Monster\05.Walker\00.WalkerBullet</Filter>
    </ClInclude>
    <ClInclude Include="..\Header\Cryder.h">
      <Filter>02.GameObject\00.Monster\06.Cryder</Filter>
    </ClInclude>
    <ClInclude Include="..\Header\CrossHair.h">
      <Filter>02.GameObject\04.UI\06.CrossHair</Filter>
    </ClInclude>
    <ClInclude Include="..\Header\SkyBox.h">
      <Filter>02.GameObject\05.SkyBox</Filter>
    </ClInclude>
    <ClInclude Include="..\Header\ElectricTile.h">
      <Filter>02.GameObject\06.Tile\01.ElectricTile</Filter>
    </ClInclude>
    <ClInclude Include="..\Header\Tile.h">
      <Filter>02.GameObject\06.Tile\00.Base</Filter>
    </ClInclude>
    <ClInclude Include="..\Header\SwampTile.h">
      <Filter>02.GameObject\06.Tile\02.SwampTile</Filter>
    </ClInclude>
    <ClInclude Include="..\Header\LavaTile.h">
      <Filter>02.GameObject\06.Tile\03.LavaTile</Filter>
    </ClInclude>
    <ClInclude Include="..\Header\SandTile.h">
      <Filter>02.GameObject\06.Tile\04.SandTile</Filter>
    </ClInclude>
    <ClInclude Include="..\Header\Slider.h">
      <Filter>02.GameObject\07.trap\00.Slider</Filter>
    </ClInclude>
    <ClInclude Include="..\Header\SoundMgr.h">
      <Filter>97.Manager\01.SoundMananger</Filter>
    </ClInclude>
    <ClInclude Include="..\Header\Egg.h">
      <Filter>02.GameObject\00.Monster\07.Egg</Filter>
    </ClInclude>
    <ClInclude Include="..\Header\WalkBossBullet.h">
      <Filter>02.GameObject\00.Monster\08.WalkerBoss\00.WalkerBossBullet</Filter>
    </ClInclude>
    <ClInclude Include="..\Header\WalkerBoss.h">
      <Filter>02.GameObject\00.Monster\08.WalkerBoss</Filter>
    </ClInclude>
    <ClInclude Include="..\Header\NubBoss.h">
      <Filter>02.GameObject\00.Monster\09.NubBoss</Filter>
    </ClInclude>
    <ClInclude Include="..\Header\RoboBird.h">
      <Filter>02.GameObject\00.Monster\10.TreeBoss\01.RoboBird</Filter>
    </ClInclude>
    <ClInclude Include="..\Header\DoomBird.h">
      <Filter>02.GameObject\00.Monster\10.TreeBoss\00.DoomBird</Filter>
    </ClInclude>
    <ClInclude Include="..\Header\LightMananger.h">
      <Filter>97.Manager\02.LightManager</Filter>
    </ClInclude>
    <ClInclude Include="..\Header\TreeBoss.h">
      <Filter>02.GameObject\00.Monster\10.TreeBoss</Filter>
    </ClInclude>
    <ClInclude Include="..\Header\RootAttack.h">
      <Filter>02.GameObject\00.Monster\10.TreeBoss\02.RootAttack</Filter>
    </ClInclude>
    <ClInclude Include="..\Header\WormBoss.h">
      <Filter>02.GameObject\00.Monster\11.WormBoss</Filter>
    </ClInclude>
    <ClInclude Include="..\Header\Floor.h">
      <Filter>02.GameObject\98.Collider\00.Floor</Filter>
    </ClInclude>
    <ClInclude Include="..\Header\Wall.h">
      <Filter>02.GameObject\98.Collider\01.Wall</Filter>
    </ClInclude>
    <ClInclude Include="..\Header\WormBossBody.h">
      <Filter>02.GameObject\00.Monster\11.WormBoss\01.WormBossBody</Filter>
    </ClInclude>
    <ClInclude Include="..\Header\Trigger.h">
      <Filter>02.GameObject\99.Trigger\00.Base</Filter>
    </ClInclude>
    <ClInclude Include="..\Header\RoomTrigger.h">
      <Filter>02.GameObject\99.Trigger\01.RoomTrigger</Filter>
    </ClInclude>
    <ClInclude Include="..\Header\Obstacle.h">
      <Filter>02.GameObject\08.Obstacle\00.Base</Filter>
    </ClInclude>
    <ClInclude Include="..\Header\Item.h">
      <Filter>02.GameObject\09.Item</Filter>
    </ClInclude>
    <ClInclude Include="..\Header\Blood.h">
      <Filter>02.GameObject\10.Effect\00.Blood</Filter>
    </ClInclude>
    <ClInclude Include="..\Header\SmallExlode.h">
      <Filter>02.GameObject\10.Effect\01.SmallExlode</Filter>
    </ClInclude>
    <ClInclude Include="..\Header\Explosion.h">
      <Filter>02.GameObject\10.Effect\02.Explosion</Filter>
    </ClInclude>
    <ClInclude Include="..\Header\ExplosionBlue.h">
      <Filter>02.GameObject\10.Effect\03.ExplosionBlue</Filter>
    </ClInclude>
    <ClInclude Include="..\Header\PiramidUnBrake.h">
      <Filter>02.GameObject\08.Obstacle\02.PiramidUnbreak</Filter>
    </ClInclude>
    <ClInclude Include="..\Header\BulletSpark.h">
      <Filter>02.GameObject\10.Effect\04.BulletSpark</Filter>
    </ClInclude>
    <ClInclude Include="..\Header\Piramid.h">
      <Filter>02.GameObject\08.Obstacle\01.Piramid</Filter>
    </ClInclude>
    <ClInclude Include="..\Header\WeaponHUD.h">
      <Filter>02.GameObject\04.UI\07.WeaponHUD</Filter>
    </ClInclude>
    <ClInclude Include="..\Header\NormalBullet.h">
      <Filter>02.GameObject\04.Bullet\01.PlayerBullet\00.NormalBullet</Filter>
    </ClInclude>
    <ClInclude Include="..\Header\UtilityManger.h">
      <Filter>97.Manager\97.UtilityManager</Filter>
    </ClInclude>
    <ClInclude Include="..\Header\BigBullet.h">
      <Filter>02.GameObject\04.Bullet\01.PlayerBullet\01.BigBullet</Filter>
    </ClInclude>
    <ClInclude Include="..\Header\TripleBullet.h">
      <Filter>02.GameObject\04.Bullet\01.PlayerBullet\02.TripleBullet</Filter>
    </ClInclude>
    <ClInclude Include="..\Header\FlameBullet.h">
      <Filter>02.GameObject\04.Bullet\01.PlayerBullet\03.FlameBullet</Filter>
    </ClInclude>
    <ClInclude Include="..\Header\LaserBullet.h">
      <Filter>02.GameObject\04.Bullet\01.PlayerBullet\04.Laser</Filter>
    </ClInclude>
    <ClInclude Include="..\Header\WormBossBody.h">
      <Filter>02.GameObject\00.Monster\11.WormBoss\01.WormBossBody\WormBody1</Filter>
    </ClInclude>
    <ClInclude Include="..\Header\WormBossBody2.h">
      <Filter>02.GameObject\00.Monster\11.WormBoss\01.WormBossBody\WormBody2</Filter>
    </ClInclude>
    <ClInclude Include="..\Header\WormBossBody3.h">
      <Filter>02.GameObject\00.Monster\11.WormBoss\01.WormBossBody\WormBody3</Filter>
    </ClInclude>
    <ClInclude Include="..\Header\WormBossBody4.h">
      <Filter>02.GameObject\00.Monster\11.WormBoss\01.WormBossBody\WormBody4</Filter>
    </ClInclude>
    <ClInclude Include="..\Header\WormBossTail.h">
      <Filter>02.GameObject\00.Monster\11.WormBoss\01.WormBossBody\WormTail</Filter>
    </ClInclude>
    <ClInclude Include="..\Header\MiniMapRenderer.h">
      <Filter>02.GameObject\04.UI\10.MiniMap\03.MiniMapRenderer</Filter>
    </ClInclude>
    <ClInclude Include="..\Header\CardinalPoint.h">
      <Filter>02.GameObject\04.UI\10.MiniMap\01.CardinalPoint</Filter>
    </ClInclude>
    <ClInclude Include="..\Header\MiniMapFrame.h">
      <Filter>02.GameObject\04.UI\10.MiniMap\00.Frame</Filter>
    </ClInclude>
    <ClInclude Include="..\Header\MiniMapPartial.h">
      <Filter>02.GameObject\04.UI\10.MiniMap\02.MiniMap\00.Partial</Filter>
    </ClInclude>
    <ClInclude Include="..\Header\Phubans.h">
      <Filter>02.GameObject\11.Npc\00.Phubans</Filter>
    </ClInclude>
    <ClInclude Include="..\Header\GemIcon.h">
      <Filter>02.GameObject\04.UI\08.Gem\00.Icon</Filter>
    </ClInclude>
    <ClInclude Include="..\Header\GemText.h">
      <Filter>02.GameObject\04.UI\08.Gem\01.Text</Filter>
    </ClInclude>
    <ClInclude Include="..\Header\DiscIcon.h">
      <Filter>02.GameObject\04.UI\09.Disc\00.Icon</Filter>
    </ClInclude>
    <ClInclude Include="..\Header\DiscText.h">
      <Filter>02.GameObject\04.UI\09.Disc\01.Text</Filter>
    </ClInclude>
    <ClInclude Include="..\Header\BossHPFrame.h">
      <Filter>02.GameObject\04.UI\11.BossHP\01.Frame</Filter>
    </ClInclude>
    <ClInclude Include="..\Header\BossText.h">
      <Filter>02.GameObject\04.UI\11.BossHP\03.Text</Filter>
    </ClInclude>
    <ClInclude Include="..\Header\BossHPBar.h">
      <Filter>02.GameObject\04.UI\11.BossHP\02.Bar</Filter>
    </ClInclude>
    <ClInclude Include="..\Header\BossHP.h">
      <Filter>02.GameObject\04.UI\11.BossHP\00.Base</Filter>
    </ClInclude>
    <ClInclude Include="..\Header\DialogFrame.h">
      <Filter>02.GameObject\04.UI\12.Dialog\01.Frame</Filter>
    </ClInclude>
    <ClInclude Include="..\Header\DialogPortrait.h">
      <Filter>02.GameObject\04.UI\12.Dialog\02.Portrait</Filter>
    </ClInclude>
    <ClInclude Include="..\Header\DialogText.h">
      <Filter>02.GameObject\04.UI\12.Dialog\03.Text</Filter>
    </ClInclude>
    <ClInclude Include="..\Header\DialogHUD.h">
      <Filter>02.GameObject\04.UI\12.Dialog\00.Base</Filter>
    </ClInclude>
    <ClInclude Include="..\Header\DialogTextArrow.h">
      <Filter>02.GameObject\04.UI\12.Dialog\04.TextArrow</Filter>
    </ClInclude>
    <ClInclude Include="..\Header\Loading.h">
      <Filter>03.Scene\02.Loading</Filter>
    </ClInclude>
    <ClInclude Include="..\Header\LoadingText.h">
      <Filter>02.GameObject\04.UI\13.Loading\01.Text</Filter>
    </ClInclude>
    <ClInclude Include="..\Header\LoadingBackGround.h">
      <Filter>02.GameObject\04.UI\13.Loading\00.BackGround</Filter>
    </ClInclude>
    <ClInclude Include="..\Header\CameraManager.h">
      <Filter>97.Manager\03.CameraManger</Filter>
    </ClInclude>
    <ClInclude Include="..\Header\Gun.h">
      <Filter>02.GameObject\00.Player\01.Gun</Filter>
    </ClInclude>
    <ClInclude Include="..\Header\ShopKeeper.h">
      <Filter>02.GameObject\12.Shop</Filter>
    </ClInclude>
    <ClInclude Include="..\Header\Ammo.h">
      <Filter>02.GameObject\12.Shop\00.Ammo</Filter>
    </ClInclude>
    <ClInclude Include="..\Header\Armor.h">
      <Filter>02.GameObject\12.Shop\01.Armor</Filter>
    </ClInclude>
    <ClInclude Include="..\Header\BigShot.h">
      <Filter>02.GameObject\12.Shop\02.BigShot</Filter>
    </ClInclude>
    <ClInclude Include="..\Header\Cactus.h">
      <Filter>02.GameObject\11.Npc\01.Cactus</Filter>
    </ClInclude>
    <ClInclude Include="..\Header\AmmoHUD.h">
      <Filter>02.GameObject\04.UI\03.Ammo\00.Base</Filter>
    </ClInclude>
    <ClInclude Include="..\Header\AmmoGauge.h">
      <Filter>02.GameObject\04.UI\03.Ammo\02.Gauge\00.Ammo</Filter>
    </ClInclude>
    <ClInclude Include="..\Header\SkillGauge.h">
      <Filter>02.GameObject\04.UI\03.Ammo\02.Gauge\01.Skill</Filter>
    </ClInclude>
    <ClInclude Include="..\Header\AmmoIcon.h">
      <Filter>02.GameObject\04.UI\03.Ammo\03.Icon\00.Base</Filter>
    </ClInclude>
    <ClInclude Include="..\Header\AmmoIconHighlight.h">
      <Filter>02.GameObject\04.UI\03.Ammo\03.Icon\01.HighLight</Filter>
    </ClInclude>
    <ClInclude Include="..\Header\Worm.h">
      <Filter>02.GameObject\00.Monster\12.Worm\00.Base</Filter>
    </ClInclude>
    <ClInclude Include="..\Header\WormBody.h">
      <Filter>02.GameObject\00.Monster\12.Worm\01.Part\01.Body</Filter>
    </ClInclude>
    <ClInclude Include="..\Header\WormTail.h">
      <Filter>02.GameObject\00.Monster\12.Worm\01.Part\02.Tail</Filter>
    </ClInclude>
    <ClInclude Include="..\Header\WormConnector.h">
      <Filter>02.GameObject\00.Monster\12.Worm\01.Part\03.Connector</Filter>
    </ClInclude>
    <ClInclude Include="..\Header\WormPart.h">
      <Filter>02.GameObject\00.Monster\12.Worm\01.Part\00.Base</Filter>
    </ClInclude>
    <ClInclude Include="..\Header\WormBullet.h">
      <Filter>02.GameObject\00.Monster\12.Worm\02.Bullet</Filter>
    </ClInclude>
    <ClInclude Include="..\Header\Focus.h">
      <Filter>02.GameObject\04.UI\14.Focus</Filter>
    </ClInclude>
    <ClInclude Include="..\Header\InteractionObj.h">
      <Filter>02.GameObject\13.InterectionObject\00.Base</Filter>
    </ClInclude>
    <ClInclude Include="..\Header\Switch.h">
      <Filter>02.GameObject\13.InterectionObject\02.Switch</Filter>
    </ClInclude>
    <ClInclude Include="..\Header\SandBurst.h">
      <Filter>02.GameObject\10.Effect\05.SandBurst</Filter>
    </ClInclude>
    <ClInclude Include="..\Header\Derek.h">
      <Filter>02.GameObject\11.Npc\02.Derek</Filter>
    </ClInclude>
    <ClInclude Include="..\Header\Edragon.h">
      <Filter>02.GameObject\11.Npc\03.Edragon</Filter>
    </ClInclude>
    <ClInclude Include="..\Header\GreenBoyHead.h">
      <Filter>02.GameObject\00.Monster\12.GreenBoy\00.GreenBoyHead</Filter>
    </ClInclude>
    <ClInclude Include="..\Header\GreenBoyBody.h">
      <Filter>02.GameObject\00.Monster\12.GreenBoy\01.GreenBoyBody</Filter>
    </ClInclude>
    <ClInclude Include="..\Header\Flame.h">
      <Filter>02.GameObject\00.Monster\12.GreenBoy\04.Flame</Filter>
    </ClInclude>
    <ClInclude Include="..\Header\GreenBoyLeftHand.h">
      <Filter>02.GameObject\00.Monster\12.GreenBoy\02.GreenBoyLeftHand</Filter>
    </ClInclude>
    <ClInclude Include="..\Header\GreenBoyRightHand.h">
      <Filter>02.GameObject\00.Monster\12.GreenBoy\03.GreenBoyRightHand</Filter>
    </ClInclude>
    <ClInclude Include="..\Header\FireBullet.h">
      <Filter>02.GameObject\00.Monster\12.GreenBoy\05.FireBullet</Filter>
    </ClInclude>
    <ClInclude Include="..\Header\IceBullet.h">
      <Filter>02.GameObject\00.Monster\12.GreenBoy\06.IceBullet</Filter>
    </ClInclude>
    <ClInclude Include="..\Header\BloodHand.h">
      <Filter>02.GameObject\00.Monster\12.GreenBoy\07.BloodHand</Filter>
    </ClInclude>
    <ClInclude Include="..\Header\Door.h">
      <Filter>02.GameObject\13.InterectionObject\01.Door</Filter>
    </ClInclude>
    <ClInclude Include="..\Header\Pillar.h">
      <Filter>02.GameObject\08.Obstacle\03.Pillar</Filter>
    </ClInclude>
    <ClInclude Include="..\Header\PuzzleRoomCamera.h">
      <Filter>02.GameObject\01.Camera\01.PuzzleRoomCamera</Filter>
    </ClInclude>
    <ClInclude Include="..\Header\Gate.h">
      <Filter>02.GameObject\08.Obstacle\04.Gate</Filter>
    </ClInclude>
    <ClInclude Include="..\Header\SlideBlock.h" />
    <ClInclude Include="..\Header\FinalStage.h">
      <Filter>03.Scene\03.FinalStage</Filter>
    </ClInclude>
    <ClInclude Include="..\Header\BattleShip.h">
      <Filter>02.GameObject\00.Player\02.BattleShip</Filter>
    </ClInclude>
    <ClInclude Include="..\Header\FinalCamera.h">
      <Filter>02.GameObject\01.Camera\01.FinalCamera</Filter>
    </ClInclude>
    <ClInclude Include="..\Header\StarParticle.h">
      <Filter>02.GameObject\14.StarParticle</Filter>
    </ClInclude>
    <ClInclude Include="..\Header\StarPool.h">
      <Filter>02.GameObject\14.StarParticle\Pool</Filter>
    </ClInclude>
    <ClInclude Include="..\Header\FinalBoss.h">
      <Filter>02.GameObject\00.Monster\13.FinalBoss</Filter>
    </ClInclude>
    <ClInclude Include="..\Header\Boost.h">
      <Filter>02.GameObject\00.Player\02.BattleShip\00.Boost</Filter>
    </ClInclude>
    <ClInclude Include="..\Header\BattleShipBullet.h">
      <Filter>02.GameObject\00.Player\02.BattleShip\01.Bullet</Filter>
    </ClInclude>
    <ClInclude Include="..\Header\FinalNormal.h">
      <Filter>02.GameObject\00.Monster\13.FinalBoss\00.Bullet\00.Normal</Filter>
    </ClInclude>
    <ClInclude Include="..\Header\FinalLaser.h">
      <Filter>02.GameObject\00.Monster\13.FinalBoss\00.Bullet\01.Laser</Filter>
    </ClInclude>
    <ClInclude Include="..\Header\FinalExplosion.h" />
  </ItemGroup>
  <ItemGroup>
    <ClCompile Include="stdafx.cpp">
      <Filter>99.Default\01.Source</Filter>
    </ClCompile>
    <ClCompile Include="Client.cpp">
      <Filter>00.WinMain</Filter>
    </ClCompile>
    <ClCompile Include="..\Source\Stage.cpp">
      <Filter>03.Scene\00.Stage</Filter>
    </ClCompile>
    <ClCompile Include="..\Source\MainApp.cpp">
      <Filter>01.MainApp</Filter>
    </ClCompile>
    <ClCompile Include="..\Source\KeyManager.cpp">
      <Filter>97.Manager\00.KeyManager</Filter>
    </ClCompile>
    <ClCompile Include="..\Source\PlayerCamera.cpp">
      <Filter>02.GameObject\01.Camera\00.PlayerCamera</Filter>
    </ClCompile>
    <ClCompile Include="..\Source\Mouse.cpp">
      <Filter>02.GameObject\02.Mouse</Filter>
    </ClCompile>
    <ClCompile Include="..\Source\MsgManager.cpp">
      <Filter>97.Manager\99.MsgManager</Filter>
    </ClCompile>
    <ClCompile Include="..\Source\Bub.cpp">
      <Filter>02.GameObject\00.Monster\01.Bub</Filter>
    </ClCompile>
    <ClCompile Include="..\Source\FactoryManager.cpp">
      <Filter>97.Manager\98.FactoryManager</Filter>
    </ClCompile>
    <ClCompile Include="..\Source\TexturePool.cpp">
      <Filter>04.Pool\00.Texture\00.Base</Filter>
    </ClCompile>
    <ClCompile Include="..\Source\TexturePoolManager.cpp">
      <Filter>04.Pool\00.Texture\01.Manager</Filter>
    </ClCompile>
    <ClCompile Include="..\Source\Player.cpp">
      <Filter>02.GameObject\00.Player</Filter>
    </ClCompile>
    <ClCompile Include="..\Source\Sector.cpp">
      <Filter>02.GameObject\03.Sector</Filter>
    </ClCompile>
    <ClCompile Include="..\Source\Monster.cpp">
      <Filter>02.GameObject\00.Monster\00.Base</Filter>
    </ClCompile>
    <ClCompile Include="..\Source\PlayerSpawn.cpp">
      <Filter>02.GameObject\99.Trigger\98.Gizmo\00.PlayerSpawn</Filter>
    </ClCompile>
    <ClCompile Include="..\Source\Bullet.cpp">
      <Filter>02.GameObject\04.Bullet\00.Base</Filter>
    </ClCompile>
    <ClCompile Include="..\Source\BulletSpawn.cpp">
      <Filter>02.GameObject\99.Trigger\98.Gizmo\01.BulletSpawn</Filter>
    </ClCompile>
    <ClCompile Include="..\Source\Intro.cpp">
      <Filter>03.Scene\01.Intro</Filter>
    </ClCompile>
    <ClCompile Include="..\Source\Logo.cpp">
      <Filter>02.GameObject\04.UI\02.Logo</Filter>
    </ClCompile>
    <ClCompile Include="..\Source\Star.cpp">
      <Filter>02.GameObject\04.UI\01.Star</Filter>
    </ClCompile>
    <ClCompile Include="..\Source\IntroBackGround.cpp">
      <Filter>02.GameObject\04.UI\00.IntroBackGround</Filter>
    </ClCompile>
    <ClCompile Include="..\Source\sqrNub.cpp">
      <Filter>02.GameObject\00.Monster\03.sqrNub</Filter>
    </ClCompile>
    <ClCompile Include="..\Source\Rub.cpp">
      <Filter>02.GameObject\00.Monster\02.Rub</Filter>
    </ClCompile>
    <ClCompile Include="..\Source\Turret.cpp">
      <Filter>02.GameObject\00.Monster\04.Turret</Filter>
    </ClCompile>
    <ClCompile Include="..\Source\TurretBullet.cpp">
      <Filter>02.GameObject\00.Monster\04.Turret\00.TurretBullet</Filter>
    </ClCompile>
    <ClCompile Include="..\Source\AmmoFrame.cpp">
      <Filter>02.GameObject\04.UI\03.Ammo\01.Frame</Filter>
    </ClCompile>
    <ClCompile Include="..\Source\Heart.cpp">
      <Filter>02.GameObject\04.UI\05.Heart\00.Base</Filter>
    </ClCompile>
    <ClCompile Include="..\Source\HeartManager.cpp">
      <Filter>02.GameObject\04.UI\05.Heart\01.Manager</Filter>
    </ClCompile>
    <ClCompile Include="..\Source\Walker.cpp">
      <Filter>02.GameObject\00.Monster\05.Walker</Filter>
    </ClCompile>
    <ClCompile Include="..\Source\WalkerBullet.cpp">
      <Filter>02.GameObject\00.Monster\05.Walker\00.WalkerBullet</Filter>
    </ClCompile>
    <ClCompile Include="..\Source\Cryder.cpp">
      <Filter>02.GameObject\00.Monster\06.Cryder</Filter>
    </ClCompile>
    <ClCompile Include="..\Source\CrossHair.cpp">
      <Filter>02.GameObject\04.UI\06.CrossHair</Filter>
    </ClCompile>
    <ClCompile Include="..\Source\SkyBox.cpp">
      <Filter>02.GameObject\05.SkyBox</Filter>
    </ClCompile>
    <ClCompile Include="..\Source\ElectricTile.cpp">
      <Filter>02.GameObject\06.Tile\01.ElectricTile</Filter>
    </ClCompile>
    <ClCompile Include="..\Source\Tile.cpp">
      <Filter>02.GameObject\06.Tile\00.Base</Filter>
    </ClCompile>
    <ClCompile Include="..\Source\SwampTile.cpp">
      <Filter>02.GameObject\06.Tile\02.SwampTile</Filter>
    </ClCompile>
    <ClCompile Include="..\Source\LavaTile.cpp">
      <Filter>02.GameObject\06.Tile\03.LavaTile</Filter>
    </ClCompile>
    <ClCompile Include="..\Source\SandTile.cpp">
      <Filter>02.GameObject\06.Tile\04.SandTile</Filter>
    </ClCompile>
    <ClCompile Include="..\Source\Slider.cpp">
      <Filter>02.GameObject\07.trap\00.Slider</Filter>
    </ClCompile>
    <ClCompile Include="..\Source\SoundMgr.cpp">
      <Filter>97.Manager\01.SoundMananger</Filter>
    </ClCompile>
    <ClCompile Include="..\Source\WalkBossBullet.cpp">
      <Filter>02.GameObject\00.Monster\08.WalkerBoss\00.WalkerBossBullet</Filter>
    </ClCompile>
    <ClCompile Include="..\Source\WalkerBoss.cpp">
      <Filter>02.GameObject\00.Monster\08.WalkerBoss</Filter>
    </ClCompile>
    <ClCompile Include="..\Source\Egg.cpp">
      <Filter>02.GameObject\00.Monster\07.Egg</Filter>
    </ClCompile>
    <ClCompile Include="..\Source\NubBoss.cpp">
      <Filter>02.GameObject\00.Monster\09.NubBoss</Filter>
    </ClCompile>
    <ClCompile Include="..\Source\RoboBird.cpp">
      <Filter>02.GameObject\00.Monster\10.TreeBoss\01.RoboBird</Filter>
    </ClCompile>
    <ClCompile Include="..\Source\DoomBird.cpp">
      <Filter>02.GameObject\00.Monster\10.TreeBoss\00.DoomBird</Filter>
    </ClCompile>
    <ClCompile Include="..\Source\LightMananger.cpp">
      <Filter>97.Manager\02.LightManager</Filter>
    </ClCompile>
    <ClCompile Include="..\Source\TreeBoss.cpp">
      <Filter>02.GameObject\00.Monster\10.TreeBoss</Filter>
    </ClCompile>
    <ClCompile Include="..\Source\RootAttack.cpp">
      <Filter>02.GameObject\00.Monster\10.TreeBoss\02.RootAttack</Filter>
    </ClCompile>
    <ClCompile Include="..\Source\WormBoss.cpp">
      <Filter>02.GameObject\00.Monster\11.WormBoss</Filter>
    </ClCompile>
    <ClCompile Include="..\Source\Floor.cpp">
      <Filter>02.GameObject\98.Collider\00.Floor</Filter>
    </ClCompile>
    <ClCompile Include="..\Source\Wall.cpp">
      <Filter>02.GameObject\98.Collider\01.Wall</Filter>
    </ClCompile>
    <ClCompile Include="..\Source\WormBossBody.cpp">
      <Filter>02.GameObject\00.Monster\11.WormBoss\01.WormBossBody</Filter>
    </ClCompile>
    <ClCompile Include="..\Source\Trigger.cpp">
      <Filter>02.GameObject\99.Trigger\00.Base</Filter>
    </ClCompile>
    <ClCompile Include="..\Source\RoomTrigger.cpp">
      <Filter>02.GameObject\99.Trigger\01.RoomTrigger</Filter>
    </ClCompile>
    <ClCompile Include="..\Source\Obstacle.cpp">
      <Filter>02.GameObject\08.Obstacle\00.Base</Filter>
    </ClCompile>
    <ClCompile Include="..\Source\Item.cpp">
      <Filter>02.GameObject\09.Item</Filter>
    </ClCompile>
    <ClCompile Include="..\Source\Blood.cpp">
      <Filter>02.GameObject\10.Effect\00.Blood</Filter>
    </ClCompile>
    <ClCompile Include="..\Source\SmallExlode.cpp">
      <Filter>02.GameObject\10.Effect\01.SmallExlode</Filter>
    </ClCompile>
    <ClCompile Include="..\Source\Explosion.cpp">
      <Filter>02.GameObject\10.Effect\02.Explosion</Filter>
    </ClCompile>
    <ClCompile Include="..\Source\ExplosionBlue.cpp">
      <Filter>02.GameObject\10.Effect\03.ExplosionBlue</Filter>
    </ClCompile>
    <ClCompile Include="..\Source\PiramidUnBrake.cpp">
      <Filter>02.GameObject\08.Obstacle\02.PiramidUnbreak</Filter>
    </ClCompile>
    <ClCompile Include="..\Source\BulletSpark.cpp">
      <Filter>02.GameObject\10.Effect\04.BulletSpark</Filter>
    </ClCompile>
    <ClCompile Include="..\Source\Piramid.cpp">
      <Filter>02.GameObject\08.Obstacle\01.Piramid</Filter>
    </ClCompile>
    <ClCompile Include="..\Source\WeaponHUD.cpp">
      <Filter>02.GameObject\04.UI\07.WeaponHUD</Filter>
    </ClCompile>
    <ClCompile Include="..\Source\NormalBullet.cpp">
      <Filter>02.GameObject\04.Bullet\01.PlayerBullet\00.NormalBullet</Filter>
    </ClCompile>
    <ClCompile Include="..\Source\UtilityManger.cpp">
      <Filter>97.Manager\97.UtilityManager</Filter>
    </ClCompile>
    <ClCompile Include="..\Source\BigBullet.cpp">
      <Filter>02.GameObject\04.Bullet\01.PlayerBullet\01.BigBullet</Filter>
    </ClCompile>
    <ClCompile Include="..\Source\TripleBullet.cpp">
      <Filter>02.GameObject\04.Bullet\01.PlayerBullet\02.TripleBullet</Filter>
    </ClCompile>
    <ClCompile Include="..\Source\FlameBullet.cpp">
      <Filter>02.GameObject\04.Bullet\01.PlayerBullet\03.FlameBullet</Filter>
    </ClCompile>
    <ClCompile Include="..\Source\LaserBullet.cpp">
      <Filter>02.GameObject\04.Bullet\01.PlayerBullet\04.Laser</Filter>
    </ClCompile>
    <ClCompile Include="..\Source\WormBossBody.cpp">
      <Filter>02.GameObject\00.Monster\11.WormBoss\01.WormBossBody\WormBody1</Filter>
    </ClCompile>
    <ClCompile Include="..\Source\WormBossBody2.cpp">
      <Filter>02.GameObject\00.Monster\11.WormBoss\01.WormBossBody\WormBody2</Filter>
    </ClCompile>
    <ClCompile Include="..\Source\WormBossBody3.cpp">
      <Filter>02.GameObject\00.Monster\11.WormBoss\01.WormBossBody\WormBody3</Filter>
    </ClCompile>
    <ClCompile Include="..\Source\WormBossBody4.cpp">
      <Filter>02.GameObject\00.Monster\11.WormBoss\01.WormBossBody\WormBody4</Filter>
    </ClCompile>
    <ClCompile Include="..\Source\WormBossTail.cpp">
      <Filter>02.GameObject\00.Monster\11.WormBoss\01.WormBossBody\WormTail</Filter>
    </ClCompile>
    <ClCompile Include="..\Source\MiniMapFrame.cpp">
      <Filter>02.GameObject\04.UI\10.MiniMap\00.Frame</Filter>
    </ClCompile>
    <ClCompile Include="..\Source\CardinalPoint.cpp">
      <Filter>02.GameObject\04.UI\10.MiniMap\01.CardinalPoint</Filter>
    </ClCompile>
    <ClCompile Include="..\Source\MiniMapPartial.cpp">
      <Filter>02.GameObject\04.UI\10.MiniMap\02.MiniMap\00.Partial</Filter>
    </ClCompile>
    <ClCompile Include="..\Source\MiniMapRenderer.cpp">
      <Filter>02.GameObject\04.UI\10.MiniMap\03.MiniMapRenderer</Filter>
    </ClCompile>
    <ClCompile Include="..\Source\Phubans.cpp">
      <Filter>02.GameObject\11.Npc\00.Phubans</Filter>
    </ClCompile>
    <ClCompile Include="..\Source\GemIcon.cpp">
      <Filter>02.GameObject\04.UI\08.Gem\00.Icon</Filter>
    </ClCompile>
    <ClCompile Include="..\Source\GemText.cpp">
      <Filter>02.GameObject\04.UI\08.Gem\01.Text</Filter>
    </ClCompile>
    <ClCompile Include="..\Source\DiscIcon.cpp">
      <Filter>02.GameObject\04.UI\09.Disc\00.Icon</Filter>
    </ClCompile>
    <ClCompile Include="..\Source\DiscText.cpp">
      <Filter>02.GameObject\04.UI\09.Disc\01.Text</Filter>
    </ClCompile>
    <ClCompile Include="..\Source\BossHPFrame.cpp">
      <Filter>02.GameObject\04.UI\11.BossHP\01.Frame</Filter>
    </ClCompile>
    <ClCompile Include="..\Source\BossText.cpp">
      <Filter>02.GameObject\04.UI\11.BossHP\03.Text</Filter>
    </ClCompile>
    <ClCompile Include="..\Source\BossHPBar.cpp">
      <Filter>02.GameObject\04.UI\11.BossHP\02.Bar</Filter>
    </ClCompile>
    <ClCompile Include="..\Source\BossHP.cpp">
      <Filter>02.GameObject\04.UI\11.BossHP\00.Base</Filter>
    </ClCompile>
    <ClCompile Include="..\Source\DialogFrame.cpp">
      <Filter>02.GameObject\04.UI\12.Dialog\01.Frame</Filter>
    </ClCompile>
    <ClCompile Include="..\Source\DialogPortrait.cpp">
      <Filter>02.GameObject\04.UI\12.Dialog\02.Portrait</Filter>
    </ClCompile>
    <ClCompile Include="..\Source\DialogText.cpp">
      <Filter>02.GameObject\04.UI\12.Dialog\03.Text</Filter>
    </ClCompile>
    <ClCompile Include="..\Source\DialogHUD.cpp">
      <Filter>02.GameObject\04.UI\12.Dialog\00.Base</Filter>
    </ClCompile>
    <ClCompile Include="..\Source\DialogTextArrow.cpp">
      <Filter>02.GameObject\04.UI\12.Dialog\04.TextArrow</Filter>
    </ClCompile>
    <ClCompile Include="..\Source\Loading.cpp">
      <Filter>03.Scene\02.Loading</Filter>
    </ClCompile>
    <ClCompile Include="..\Source\LoadingText.cpp">
      <Filter>02.GameObject\04.UI\13.Loading\01.Text</Filter>
    </ClCompile>
    <ClCompile Include="..\Source\LoadingBackGround.cpp">
      <Filter>02.GameObject\04.UI\13.Loading\00.BackGround</Filter>
    </ClCompile>
    <ClCompile Include="..\Source\CameraManager.cpp">
      <Filter>97.Manager\03.CameraManger</Filter>
    </ClCompile>
    <ClCompile Include="..\Source\Gun.cpp">
      <Filter>02.GameObject\00.Player\01.Gun</Filter>
    </ClCompile>
    <ClCompile Include="..\Source\ShopKeeper.cpp">
      <Filter>02.GameObject\12.Shop</Filter>
    </ClCompile>
    <ClCompile Include="..\Source\Ammo.cpp">
      <Filter>02.GameObject\12.Shop\00.Ammo</Filter>
    </ClCompile>
    <ClCompile Include="..\Source\BigShot.cpp">
      <Filter>02.GameObject\12.Shop\02.BigShot</Filter>
    </ClCompile>
    <ClCompile Include="..\Source\Armor.cpp">
      <Filter>02.GameObject\12.Shop\01.Armor</Filter>
    </ClCompile>
    <ClCompile Include="..\Source\Cactus.cpp">
      <Filter>02.GameObject\11.Npc\01.Cactus</Filter>
    </ClCompile>
    <ClCompile Include="..\Source\AmmoHUD.cpp">
      <Filter>02.GameObject\04.UI\03.Ammo\00.Base</Filter>
    </ClCompile>
    <ClCompile Include="..\Source\AmmoGauge.cpp">
      <Filter>02.GameObject\04.UI\03.Ammo\02.Gauge\00.Ammo</Filter>
    </ClCompile>
    <ClCompile Include="..\Source\SkillGauge.cpp">
      <Filter>02.GameObject\04.UI\03.Ammo\02.Gauge\01.Skill</Filter>
    </ClCompile>
    <ClCompile Include="..\Source\AmmoIcon.cpp">
      <Filter>02.GameObject\04.UI\03.Ammo\03.Icon\00.Base</Filter>
    </ClCompile>
    <ClCompile Include="..\Source\AmmoIconHighlight.cpp">
      <Filter>02.GameObject\04.UI\03.Ammo\03.Icon\01.HighLight</Filter>
    </ClCompile>
    <ClCompile Include="..\Source\Worm.cpp">
      <Filter>02.GameObject\00.Monster\12.Worm\00.Base</Filter>
    </ClCompile>
    <ClCompile Include="..\Source\WormBody.cpp">
      <Filter>02.GameObject\00.Monster\12.Worm\01.Part\01.Body</Filter>
    </ClCompile>
    <ClCompile Include="..\Source\WormTail.cpp">
      <Filter>02.GameObject\00.Monster\12.Worm\01.Part\02.Tail</Filter>
    </ClCompile>
    <ClCompile Include="..\Source\WormConnector.cpp">
      <Filter>02.GameObject\00.Monster\12.Worm\01.Part\03.Connector</Filter>
    </ClCompile>
    <ClCompile Include="..\Source\WormPart.cpp">
      <Filter>02.GameObject\00.Monster\12.Worm\01.Part\00.Base</Filter>
    </ClCompile>
    <ClCompile Include="..\Source\WormBullet.cpp">
      <Filter>02.GameObject\00.Monster\12.Worm\02.Bullet</Filter>
    </ClCompile>
    <ClCompile Include="..\Source\Focus.cpp">
      <Filter>02.GameObject\04.UI\14.Focus</Filter>
    </ClCompile>
    <ClCompile Include="..\Source\InteractionObj.cpp">
      <Filter>02.GameObject\13.InterectionObject\00.Base</Filter>
    </ClCompile>
    <ClCompile Include="..\Source\Switch.cpp">
      <Filter>02.GameObject\13.InterectionObject\02.Switch</Filter>
    </ClCompile>
    <ClCompile Include="..\Source\SandBurst.cpp">
      <Filter>02.GameObject\10.Effect\05.SandBurst</Filter>
    </ClCompile>
    <ClCompile Include="..\Source\Derek.cpp">
      <Filter>02.GameObject\11.Npc\02.Derek</Filter>
    </ClCompile>
    <ClCompile Include="..\Source\Edragon.cpp">
      <Filter>02.GameObject\11.Npc\03.Edragon</Filter>
    </ClCompile>
    <ClCompile Include="..\Source\GreenBoyHead.cpp">
      <Filter>02.GameObject\00.Monster\12.GreenBoy\00.GreenBoyHead</Filter>
    </ClCompile>
    <ClCompile Include="..\Source\GreenBoyBody.cpp">
      <Filter>02.GameObject\00.Monster\12.GreenBoy\01.GreenBoyBody</Filter>
    </ClCompile>
    <ClCompile Include="..\Source\Flame.cpp">
      <Filter>02.GameObject\00.Monster\12.GreenBoy\04.Flame</Filter>
    </ClCompile>
    <ClCompile Include="..\Source\GreenBoyLeftHand.cpp">
      <Filter>02.GameObject\00.Monster\12.GreenBoy\02.GreenBoyLeftHand</Filter>
    </ClCompile>
    <ClCompile Include="..\Source\GreenBoyRightHand.cpp">
      <Filter>02.GameObject\00.Monster\12.GreenBoy\03.GreenBoyRightHand</Filter>
    </ClCompile>
    <ClCompile Include="..\Source\FireBullet.cpp">
      <Filter>02.GameObject\00.Monster\12.GreenBoy\05.FireBullet</Filter>
    </ClCompile>
    <ClCompile Include="..\Source\IceBullet.cpp">
      <Filter>02.GameObject\00.Monster\12.GreenBoy\06.IceBullet</Filter>
    </ClCompile>
    <ClCompile Include="..\Source\BloodHand.cpp">
      <Filter>02.GameObject\00.Monster\12.GreenBoy\07.BloodHand</Filter>
    </ClCompile>
    <ClCompile Include="..\Source\Door.cpp">
      <Filter>02.GameObject\13.InterectionObject\01.Door</Filter>
    </ClCompile>
    <ClCompile Include="..\Source\Pillar.cpp">
      <Filter>02.GameObject\08.Obstacle\03.Pillar</Filter>
    </ClCompile>
    <ClCompile Include="..\Source\PuzzleRoomCamera.cpp">
      <Filter>02.GameObject\01.Camera\01.PuzzleRoomCamera</Filter>
    </ClCompile>
    <ClCompile Include="..\Source\Gate.cpp">
      <Filter>02.GameObject\08.Obstacle\04.Gate</Filter>
    </ClCompile>
    <ClCompile Include="..\Source\SlideBlock.cpp" />
    <ClCompile Include="..\Source\FinalStage.cpp">
      <Filter>03.Scene\03.FinalStage</Filter>
    </ClCompile>
    <ClCompile Include="..\Source\BattleShip.cpp">
      <Filter>02.GameObject\00.Player\02.BattleShip</Filter>
    </ClCompile>
    <ClCompile Include="..\Source\FinalCamera.cpp">
      <Filter>02.GameObject\01.Camera\01.FinalCamera</Filter>
    </ClCompile>
    <ClCompile Include="..\Source\StarParticle.cpp">
      <Filter>02.GameObject\14.StarParticle</Filter>
    </ClCompile>
    <ClCompile Include="..\Source\StarPool.cpp">
      <Filter>02.GameObject\14.StarParticle\Pool</Filter>
    </ClCompile>
    <ClCompile Include="..\Source\FinalBoss.cpp">
      <Filter>02.GameObject\00.Monster\13.FinalBoss</Filter>
    </ClCompile>
    <ClCompile Include="..\Source\Boost.cpp">
      <Filter>02.GameObject\00.Player\02.BattleShip\00.Boost</Filter>
    </ClCompile>
    <ClCompile Include="..\Source\BattleShipBullet.cpp">
      <Filter>02.GameObject\00.Player\02.BattleShip\01.Bullet</Filter>
    </ClCompile>
    <ClCompile Include="..\Source\FinalNormal.cpp">
      <Filter>02.GameObject\00.Monster\13.FinalBoss\00.Bullet\00.Normal</Filter>
    </ClCompile>
    <ClCompile Include="..\Source\FinalLaser.cpp">
      <Filter>02.GameObject\00.Monster\13.FinalBoss\00.Bullet\01.Laser</Filter>
    </ClCompile>
    <ClCompile Include="..\Source\FinalExplosion.cpp" />
  </ItemGroup>
  <ItemGroup>
    <Image Include="Client.ico">
      <Filter>99.Default\00.Resource</Filter>
    </Image>
    <Image Include="small.ico">
      <Filter>99.Default\00.Resource</Filter>
    </Image>
  </ItemGroup>
  <ItemGroup>
    <ResourceCompile Include="Client.rc">
      <Filter>99.Default\00.Resource</Filter>
    </ResourceCompile>
  </ItemGroup>
  <ItemGroup>
    <Text Include="ReadMe.txt">
      <Filter>99.Default\02.Header</Filter>
    </Text>
  </ItemGroup>
</Project>