<?xml version="1.0" encoding="utf-8"?>
<Project ToolsVersion="4.0" xmlns="http://schemas.microsoft.com/developer/msbuild/2003">
  <ItemGroup>
    <Filter Include="00.WinMain">
      <UniqueIdentifier>{bb90331a-78b0-42ce-af97-4cb4d75b092c}</UniqueIdentifier>
    </Filter>
    <Filter Include="01.MainApp">
      <UniqueIdentifier>{25bbeac3-f206-4fbe-943b-1f36cd5c4246}</UniqueIdentifier>
    </Filter>
    <Filter Include="99.Default">
      <UniqueIdentifier>{1a6cbc17-2d1a-4937-aeaf-612b615bd38a}</UniqueIdentifier>
    </Filter>
    <Filter Include="99.Default\00.Resource">
      <UniqueIdentifier>{1635c511-4bac-4408-9489-e9e3e80b082f}</UniqueIdentifier>
    </Filter>
    <Filter Include="99.Default\01.Source">
      <UniqueIdentifier>{079cee99-eee2-4a25-8eb6-4af855d884d7}</UniqueIdentifier>
    </Filter>
    <Filter Include="99.Default\02.Header">
      <UniqueIdentifier>{ec26607a-a5ce-4131-add4-35df37eb826d}</UniqueIdentifier>
    </Filter>
    <Filter Include="98.Header">
      <UniqueIdentifier>{2ec1e780-d739-44ce-b07f-62620334d6bf}</UniqueIdentifier>
    </Filter>
    <Filter Include="02.GameObject">
      <UniqueIdentifier>{0a20d3ec-c734-4be1-b020-d56361c76945}</UniqueIdentifier>
    </Filter>
    <Filter Include="02.GameObject\00.Player">
      <UniqueIdentifier>{1d1c1fb3-1c35-4a8d-811e-2ae7537cd1f4}</UniqueIdentifier>
    </Filter>
    <Filter Include="97.Manager">
      <UniqueIdentifier>{d9a2978f-ffd3-467d-84eb-b69e467a795e}</UniqueIdentifier>
    </Filter>
    <Filter Include="97.Manager\00.KeyManager">
      <UniqueIdentifier>{24f7ef85-7311-4742-8a5f-69965f001b53}</UniqueIdentifier>
    </Filter>
    <Filter Include="02.GameObject\01.Camera">
      <UniqueIdentifier>{aee910d7-d828-42fc-8485-e62f4424a65a}</UniqueIdentifier>
    </Filter>
    <Filter Include="02.GameObject\01.Camera\00.PlayerCamera">
      <UniqueIdentifier>{e721a032-8c67-451c-8224-c78763f24efc}</UniqueIdentifier>
    </Filter>
    <Filter Include="02.GameObject\02.Mouse">
      <UniqueIdentifier>{4fdea5d4-8afb-4c53-ab46-b87c1521c3eb}</UniqueIdentifier>
    </Filter>
    <Filter Include="97.Manager\99.MsgManager">
      <UniqueIdentifier>{ae93a449-c5f4-4775-970e-117ac03e902c}</UniqueIdentifier>
    </Filter>
    <Filter Include="02.GameObject\00.Monster">
      <UniqueIdentifier>{79f9398c-aef0-4296-a2bc-e4d1840f75fa}</UniqueIdentifier>
    </Filter>
    <Filter Include="03.Scene">
      <UniqueIdentifier>{6964212a-0ad1-4029-8df3-8fbfb2d78db9}</UniqueIdentifier>
    </Filter>
    <Filter Include="03.Scene\00.Stage">
      <UniqueIdentifier>{0ac6a039-c17a-41cd-9e4a-e99e0312566d}</UniqueIdentifier>
    </Filter>
    <Filter Include="97.Manager\98.FactoryManager">
      <UniqueIdentifier>{e90e6a6e-ccd7-44f0-b078-f0b1efeb241b}</UniqueIdentifier>
    </Filter>
    <Filter Include="04.Pool">
      <UniqueIdentifier>{c51ad6bd-5f3b-4ffe-b9b1-d7eb0926d022}</UniqueIdentifier>
    </Filter>
    <Filter Include="04.Pool\00.Texture">
      <UniqueIdentifier>{98787254-f36a-4f1d-94d8-2ed164a5119a}</UniqueIdentifier>
    </Filter>
    <Filter Include="04.Pool\00.Texture\00.Base">
      <UniqueIdentifier>{dcd22ae4-dfce-4c8e-af03-644dd3be0f61}</UniqueIdentifier>
    </Filter>
    <Filter Include="04.Pool\00.Texture\01.Manager">
      <UniqueIdentifier>{f25cf7ac-6e50-43b2-af89-da368835d0bc}</UniqueIdentifier>
    </Filter>
    <Filter Include="02.GameObject\03.Sector">
      <UniqueIdentifier>{0c5aec88-7dd8-4872-82bb-317466d431f9}</UniqueIdentifier>
    </Filter>
    <Filter Include="03.Scene\01.Intro">
      <UniqueIdentifier>{45f3a4b4-745b-45bb-8788-2df9da9c3462}</UniqueIdentifier>
    </Filter>
    <Filter Include="02.GameObject\04.UI">
      <UniqueIdentifier>{1e580bcd-9ab1-4711-9a72-0d1a3129b852}</UniqueIdentifier>
    </Filter>
    <Filter Include="02.GameObject\04.UI\00.IntroBackGround">
      <UniqueIdentifier>{d169ca4b-f1b6-4e64-b60f-0f646a2122cf}</UniqueIdentifier>
    </Filter>
    <Filter Include="02.GameObject\04.UI\01.Star">
      <UniqueIdentifier>{1f295b24-9a9a-4608-9e11-6129dd2060af}</UniqueIdentifier>
    </Filter>
    <Filter Include="02.GameObject\04.UI\02.Logo">
      <UniqueIdentifier>{76ae1038-37be-4237-9286-cbc1f1944112}</UniqueIdentifier>
    </Filter>
    <Filter Include="02.GameObject\00.Monster\01.Bub">
      <UniqueIdentifier>{9d28111f-dabd-4384-8621-dd59724a2e7e}</UniqueIdentifier>
    </Filter>
    <Filter Include="02.GameObject\00.Monster\00.Base">
      <UniqueIdentifier>{c5cd3b14-455a-4985-8182-275f1de6cd29}</UniqueIdentifier>
    </Filter>
    <Filter Include="02.GameObject\00.Monster\02.Rub">
      <UniqueIdentifier>{64ae2fb8-dda6-45c6-a052-2b5dd0536e59}</UniqueIdentifier>
    </Filter>
    <Filter Include="02.GameObject\00.Monster\03.sqrNub">
      <UniqueIdentifier>{dc7761c8-c59b-4f53-b223-1ecdbe06c826}</UniqueIdentifier>
    </Filter>
    <Filter Include="02.GameObject\00.Monster\04.Turret">
      <UniqueIdentifier>{d11ea759-a664-4104-9a32-a8aa24a85eb5}</UniqueIdentifier>
    </Filter>
    <Filter Include="02.GameObject\00.Monster\04.Turret\00.TurretBullet">
      <UniqueIdentifier>{d20bc0d3-5ee7-4b87-9583-e72424dc4663}</UniqueIdentifier>
    </Filter>
    <Filter Include="02.GameObject\99.Trigger">
      <UniqueIdentifier>{b2d4931d-f887-4fc3-831b-70b26ddeb176}</UniqueIdentifier>
    </Filter>
    <Filter Include="02.GameObject\99.Trigger\00.PlayerSpawn">
      <UniqueIdentifier>{0c15ffeb-e1e5-476e-9d89-76457ca9c176}</UniqueIdentifier>
    </Filter>
    <Filter Include="02.GameObject\04.Bullet">
      <UniqueIdentifier>{37d58b97-5d68-4628-b3a4-6eb877924076}</UniqueIdentifier>
    </Filter>
    <Filter Include="02.GameObject\04.Bullet\00.Base">
      <UniqueIdentifier>{a09e32af-f961-4af2-8d6d-3d4062889a86}</UniqueIdentifier>
    </Filter>
    <Filter Include="02.GameObject\04.Bullet\01.PlayerBullet">
      <UniqueIdentifier>{6ac1f5d0-c9c5-4beb-8503-fe75932c46e9}</UniqueIdentifier>
    </Filter>
    <Filter Include="02.GameObject\99.Trigger\01.BulletSpawn">
      <UniqueIdentifier>{84291075-3e58-4e64-8013-b1df7d15e855}</UniqueIdentifier>
    </Filter>
    <Filter Include="02.GameObject\04.UI\03.Ammo">
      <UniqueIdentifier>{75108c0d-c752-453e-a185-f06d938b8c52}</UniqueIdentifier>
    </Filter>
    <Filter Include="02.GameObject\04.UI\03.Ammo\00.Gauge">
      <UniqueIdentifier>{aec674f9-d85e-429a-b40f-22aefcbd088d}</UniqueIdentifier>
    </Filter>
    <Filter Include="02.GameObject\04.UI\03.Ammo\01.Frame">
      <UniqueIdentifier>{b7030400-c1df-4a76-abba-e11665a034be}</UniqueIdentifier>
    </Filter>
    <Filter Include="02.GameObject\04.UI\05.Heart">
      <UniqueIdentifier>{ed44e63c-cdd1-413e-878a-3156b3f131f4}</UniqueIdentifier>
    </Filter>
    <Filter Include="02.GameObject\04.UI\05.Heart\00.Base">
      <UniqueIdentifier>{0a1ee56a-c497-49ce-8d16-acf663145f8f}</UniqueIdentifier>
    </Filter>
    <Filter Include="02.GameObject\04.UI\05.Heart\01.Manager">
      <UniqueIdentifier>{20c4dfb7-b07e-4085-9f6f-010c1f6680c7}</UniqueIdentifier>
    </Filter>
    <Filter Include="02.GameObject\00.Monster\05.Walker">
      <UniqueIdentifier>{9ac9aeb7-1dd0-4738-bf34-2768d543189b}</UniqueIdentifier>
    </Filter>
    <Filter Include="02.GameObject\00.Monster\05.Walker\00.WalkerBullet">
      <UniqueIdentifier>{1bb31730-009a-4135-aa31-6884edac8f94}</UniqueIdentifier>
    </Filter>
    <Filter Include="02.GameObject\00.Monster\06.Cryder">
      <UniqueIdentifier>{76e6b108-3c64-4079-8c0c-15f30dac35cd}</UniqueIdentifier>
    </Filter>
    <Filter Include="02.GameObject\04.UI\06.CrossHair">
      <UniqueIdentifier>{5c2f5261-9c7c-4de6-9d12-215c266c3d51}</UniqueIdentifier>
    </Filter>
    <Filter Include="02.GameObject\05.SkyBox">
      <UniqueIdentifier>{363babe2-3135-4c4d-a0c8-c573bed24618}</UniqueIdentifier>
    </Filter>
    <Filter Include="02.GameObject\00.Monster\07.Egg">
      <UniqueIdentifier>{3d0ea45b-5eaf-46d0-a775-ed6c2a8086d6}</UniqueIdentifier>
    </Filter>
    <Filter Include="02.GameObject\00.Monster\08.WalkerBoss">
      <UniqueIdentifier>{55bad240-36c5-4a41-9afc-498987cd0d6e}</UniqueIdentifier>
    </Filter>
    <Filter Include="02.GameObject\00.Monster\08.WalkerBoss\00.WalkerBossBullet">
      <UniqueIdentifier>{d83ba554-4f77-43cd-a8aa-0a0d7deafa88}</UniqueIdentifier>
    </Filter>
    <Filter Include="02.GameObject\06.Tile">
      <UniqueIdentifier>{90005640-4976-48fb-a0c6-3e2d96eeb226}</UniqueIdentifier>
    </Filter>
    <Filter Include="02.GameObject\06.Tile\00.Base">
      <UniqueIdentifier>{8068bcee-e837-4983-a325-898f59b68f41}</UniqueIdentifier>
    </Filter>
    <Filter Include="02.GameObject\06.Tile\01.ElectricTile">
      <UniqueIdentifier>{5ed45fec-23eb-4bff-a9ea-6e25c0034004}</UniqueIdentifier>
    </Filter>
    <Filter Include="02.GameObject\06.Tile\02.SwampTile">
      <UniqueIdentifier>{b7ef9ff9-af1e-4e22-a2f0-886b57cc963d}</UniqueIdentifier>
    </Filter>
    <Filter Include="02.GameObject\06.Tile\03.LavaTile">
      <UniqueIdentifier>{54bf23cf-a0dc-41c6-9a38-2e8b52f110bd}</UniqueIdentifier>
    </Filter>
    <Filter Include="02.GameObject\06.Tile\04.SandTile">
      <UniqueIdentifier>{3cb12dce-c847-4d01-9fa4-f0a316a725a2}</UniqueIdentifier>
    </Filter>
    <Filter Include="02.GameObject\07.trap">
      <UniqueIdentifier>{fb63990f-4f7d-441c-b4e5-3eefef15f005}</UniqueIdentifier>
    </Filter>
    <Filter Include="02.GameObject\07.trap\00.Slider">
      <UniqueIdentifier>{29973fc6-e40b-45a8-916b-aaade504ded6}</UniqueIdentifier>
    </Filter>
    <Filter Include="97.Manager\01.SoundMananger">
      <UniqueIdentifier>{f5d8778e-f6fe-4a08-bf75-db8dcef7e6dc}</UniqueIdentifier>
    </Filter>
    <Filter Include="02.GameObject\00.Monster\09.NubBoss">
      <UniqueIdentifier>{c3013dea-5393-414e-b860-b2486a6d128f}</UniqueIdentifier>
    </Filter>
    <Filter Include="02.GameObject\00.Monster\10.TreeBoss">
      <UniqueIdentifier>{36d85e09-af05-404b-836a-abf26d0ea8df}</UniqueIdentifier>
    </Filter>
    <Filter Include="02.GameObject\00.Monster\10.TreeBoss\00.DoomBird">
      <UniqueIdentifier>{5ea202ad-53da-4903-83bd-367c0c50fbd7}</UniqueIdentifier>
    </Filter>
    <Filter Include="02.GameObject\00.Monster\10.TreeBoss\01.RoboBird">
      <UniqueIdentifier>{ea2a3bb8-9c05-4ebf-b0f9-405c501834a0}</UniqueIdentifier>
    </Filter>
    <Filter Include="97.Manager\02.LightManager">
      <UniqueIdentifier>{b92e58a0-b4ad-46a2-a01b-3d17e9c541fe}</UniqueIdentifier>
    </Filter>
    <Filter Include="02.GameObject\00.Monster\10.TreeBoss\02.RootAttack">
      <UniqueIdentifier>{19db4f16-21e4-4918-84c3-7b8cf9c4e64e}</UniqueIdentifier>
    </Filter>
    <Filter Include="02.GameObject\00.Monster\11.WormBoss">
      <UniqueIdentifier>{15929005-3feb-481b-8ac6-84b0b1e86970}</UniqueIdentifier>
    </Filter>
    <Filter Include="97.Manager\97.PeekingManager">
      <UniqueIdentifier>{8f37801a-0178-4152-abeb-de9a1ddcde48}</UniqueIdentifier>
    </Filter>
    <Filter Include="02.GameObject\98.Collider">
      <UniqueIdentifier>{58a8a365-70c5-44d5-8bd8-afdad690e1ff}</UniqueIdentifier>
    </Filter>
    <Filter Include="02.GameObject\98.Collider\00.Floor">
      <UniqueIdentifier>{bb9488e4-0a8d-4eb0-b943-0add604479d6}</UniqueIdentifier>
    </Filter>
    <Filter Include="02.GameObject\98.Collider\01.Wall">
      <UniqueIdentifier>{ee5652e1-6be2-47da-91fb-ab7ef2709099}</UniqueIdentifier>
    </Filter>
    <Filter Include="02.GameObject\00.Monster\11.WormBoss\01.WormBossBody">
      <UniqueIdentifier>{dc899071-0ec9-4522-a8df-2f13da676951}</UniqueIdentifier>
    </Filter>
  </ItemGroup>
  <ItemGroup>
    <ClInclude Include="targetver.h">
      <Filter>99.Default\02.Header</Filter>
    </ClInclude>
    <ClInclude Include="stdafx.h">
      <Filter>99.Default\02.Header</Filter>
    </ClInclude>
    <ClInclude Include="Resource.h">
      <Filter>99.Default\02.Header</Filter>
    </ClInclude>
    <ClInclude Include="Client.h">
      <Filter>00.WinMain</Filter>
    </ClInclude>
    <ClInclude Include="..\Header\ClientDefine.h">
      <Filter>98.Header</Filter>
    </ClInclude>
    <ClInclude Include="..\Header\ClientExtern.h">
      <Filter>98.Header</Filter>
    </ClInclude>
    <ClInclude Include="..\Header\ClientInclude.h">
      <Filter>98.Header</Filter>
    </ClInclude>
    <ClInclude Include="..\Header\Stage.h">
      <Filter>03.Scene\00.Stage</Filter>
    </ClInclude>
    <ClInclude Include="..\Header\MainApp.h">
      <Filter>01.MainApp</Filter>
    </ClInclude>
    <ClInclude Include="..\Header\KeyManager.h">
      <Filter>97.Manager\00.KeyManager</Filter>
    </ClInclude>
    <ClInclude Include="..\Header\PlayerCamera.h">
      <Filter>02.GameObject\01.Camera\00.PlayerCamera</Filter>
    </ClInclude>
    <ClInclude Include="..\Header\Mouse.h">
      <Filter>02.GameObject\02.Mouse</Filter>
    </ClInclude>
    <ClInclude Include="..\Header\MsgManager.h">
      <Filter>97.Manager\99.MsgManager</Filter>
    </ClInclude>
    <ClInclude Include="..\Header\Bub.h">
      <Filter>02.GameObject\00.Monster\01.Bub</Filter>
    </ClInclude>
    <ClInclude Include="..\Header\FactoryManager.h">
      <Filter>97.Manager\98.FactoryManager</Filter>
    </ClInclude>
    <ClInclude Include="..\Header\ClientEnum.h">
      <Filter>98.Header</Filter>
    </ClInclude>
    <ClInclude Include="..\Header\TexturePool.h">
      <Filter>04.Pool\00.Texture\00.Base</Filter>
    </ClInclude>
    <ClInclude Include="..\Header\TexturePoolManager.h">
      <Filter>04.Pool\00.Texture\01.Manager</Filter>
    </ClInclude>
    <ClInclude Include="..\Header\Player.h">
      <Filter>02.GameObject\00.Player</Filter>
    </ClInclude>
    <ClInclude Include="..\Header\Sector.h">
      <Filter>02.GameObject\03.Sector</Filter>
    </ClInclude>
    <ClInclude Include="..\Header\Monster.h">
      <Filter>02.GameObject\00.Monster\00.Base</Filter>
    </ClInclude>
    <ClInclude Include="..\Header\PlayerSpawn.h">
      <Filter>02.GameObject\99.Trigger\00.PlayerSpawn</Filter>
    </ClInclude>
    <ClInclude Include="..\Header\Bullet.h">
      <Filter>02.GameObject\04.Bullet\00.Base</Filter>
    </ClInclude>
    <ClInclude Include="..\Header\PlayerBullet.h">
      <Filter>02.GameObject\04.Bullet\01.PlayerBullet</Filter>
    </ClInclude>
    <ClInclude Include="..\Header\BulletSpawn.h">
      <Filter>02.GameObject\99.Trigger\01.BulletSpawn</Filter>
    </ClInclude>
    <ClInclude Include="..\Header\Intro.h">
      <Filter>03.Scene\01.Intro</Filter>
    </ClInclude>
    <ClInclude Include="..\Header\IntroBackGround.h">
      <Filter>02.GameObject\04.UI\00.IntroBackGround</Filter>
    </ClInclude>
    <ClInclude Include="..\Header\Logo.h">
      <Filter>02.GameObject\04.UI\02.Logo</Filter>
    </ClInclude>
    <ClInclude Include="..\Header\Star.h">
      <Filter>02.GameObject\04.UI\01.Star</Filter>
    </ClInclude>
    <ClInclude Include="..\Header\sqrNub.h">
      <Filter>02.GameObject\00.Monster\03.sqrNub</Filter>
    </ClInclude>
    <ClInclude Include="..\Header\Rub.h">
      <Filter>02.GameObject\00.Monster\02.Rub</Filter>
    </ClInclude>
    <ClInclude Include="..\Header\Turret.h">
      <Filter>02.GameObject\00.Monster\04.Turret</Filter>
    </ClInclude>
    <ClInclude Include="..\Header\TurretBullet.h">
      <Filter>02.GameObject\00.Monster\04.Turret\00.TurretBullet</Filter>
    </ClInclude>
    <ClInclude Include="..\Header\AmmoGauge.h">
      <Filter>02.GameObject\04.UI\03.Ammo\00.Gauge</Filter>
    </ClInclude>
    <ClInclude Include="..\Header\AmmoFrame.h">
      <Filter>02.GameObject\04.UI\03.Ammo\01.Frame</Filter>
    </ClInclude>
    <ClInclude Include="..\Header\Heart.h">
      <Filter>02.GameObject\04.UI\05.Heart\00.Base</Filter>
    </ClInclude>
    <ClInclude Include="..\Header\HeartManager.h">
      <Filter>02.GameObject\04.UI\05.Heart\01.Manager</Filter>
    </ClInclude>
    <ClInclude Include="..\Header\Walker.h">
      <Filter>02.GameObject\00.Monster\05.Walker</Filter>
    </ClInclude>
    <ClInclude Include="..\Header\WalkerBullet.h">
      <Filter>02.GameObject\00.Monster\05.Walker\00.WalkerBullet</Filter>
    </ClInclude>
    <ClInclude Include="..\Header\Cryder.h">
      <Filter>02.GameObject\00.Monster\06.Cryder</Filter>
    </ClInclude>
    <ClInclude Include="..\Header\CrossHair.h">
      <Filter>02.GameObject\04.UI\06.CrossHair</Filter>
    </ClInclude>
    <ClInclude Include="..\Header\SkyBox.h">
      <Filter>02.GameObject\05.SkyBox</Filter>
    </ClInclude>
    <ClInclude Include="..\Header\ElectricTile.h">
      <Filter>02.GameObject\06.Tile\01.ElectricTile</Filter>
    </ClInclude>
    <ClInclude Include="..\Header\Tile.h">
      <Filter>02.GameObject\06.Tile\00.Base</Filter>
    </ClInclude>
    <ClInclude Include="..\Header\SwampTile.h">
      <Filter>02.GameObject\06.Tile\02.SwampTile</Filter>
    </ClInclude>
    <ClInclude Include="..\Header\LavaTile.h">
      <Filter>02.GameObject\06.Tile\03.LavaTile</Filter>
    </ClInclude>
    <ClInclude Include="..\Header\SandTile.h">
      <Filter>02.GameObject\06.Tile\04.SandTile</Filter>
    </ClInclude>
    <ClInclude Include="..\Header\Slider.h">
      <Filter>02.GameObject\07.trap\00.Slider</Filter>
    </ClInclude>
    <ClInclude Include="..\Header\SoundMgr.h">
      <Filter>97.Manager\01.SoundMananger</Filter>
    </ClInclude>
    <ClInclude Include="..\Header\Egg.h">
      <Filter>02.GameObject\00.Monster\07.Egg</Filter>
    </ClInclude>
    <ClInclude Include="..\Header\WalkBossBullet.h">
      <Filter>02.GameObject\00.Monster\08.WalkerBoss\00.WalkerBossBullet</Filter>
    </ClInclude>
    <ClInclude Include="..\Header\WalkerBoss.h">
      <Filter>02.GameObject\00.Monster\08.WalkerBoss</Filter>
    </ClInclude>
    <ClInclude Include="..\Header\NubBoss.h">
      <Filter>02.GameObject\00.Monster\09.NubBoss</Filter>
    </ClInclude>
    <ClInclude Include="..\Header\RoboBird.h">
      <Filter>02.GameObject\00.Monster\10.TreeBoss\01.RoboBird</Filter>
    </ClInclude>
    <ClInclude Include="..\Header\DoomBird.h">
      <Filter>02.GameObject\00.Monster\10.TreeBoss\00.DoomBird</Filter>
    </ClInclude>
    <ClInclude Include="..\Header\LightMananger.h">
      <Filter>97.Manager\02.LightManager</Filter>
    </ClInclude>
    <ClInclude Include="..\Header\TreeBoss.h">
      <Filter>02.GameObject\00.Monster\10.TreeBoss</Filter>
    </ClInclude>
    <ClInclude Include="..\Header\RootAttack.h">
      <Filter>02.GameObject\00.Monster\10.TreeBoss\02.RootAttack</Filter>
    </ClInclude>
    <ClInclude Include="..\Header\WormBoss.h">
      <Filter>02.GameObject\00.Monster\11.WormBoss</Filter>
    </ClInclude>

    <ClInclude Include="..\Header\Floor.h">
      <Filter>02.GameObject\98.Collider\00.Floor</Filter>
    </ClInclude>
    <ClInclude Include="..\Header\Wall.h">
      <Filter>02.GameObject\98.Collider\01.Wall</Filter>
    </ClInclude>
    <ClInclude Include="..\Header\WormBossBody.h">
      <Filter>02.GameObject\00.Monster\11.WormBoss\01.WormBossBody</Filter>
    </ClInclude>
  </ItemGroup>
  <ItemGroup>
    <ClCompile Include="stdafx.cpp">
      <Filter>99.Default\01.Source</Filter>
    </ClCompile>
    <ClCompile Include="Client.cpp">
      <Filter>00.WinMain</Filter>
    </ClCompile>
    <ClCompile Include="..\Source\Stage.cpp">
      <Filter>03.Scene\00.Stage</Filter>
    </ClCompile>
    <ClCompile Include="..\Source\MainApp.cpp">
      <Filter>01.MainApp</Filter>
    </ClCompile>
    <ClCompile Include="..\Source\KeyManager.cpp">
      <Filter>97.Manager\00.KeyManager</Filter>
    </ClCompile>
    <ClCompile Include="..\Source\PlayerCamera.cpp">
      <Filter>02.GameObject\01.Camera\00.PlayerCamera</Filter>
    </ClCompile>
    <ClCompile Include="..\Source\Mouse.cpp">
      <Filter>02.GameObject\02.Mouse</Filter>
    </ClCompile>
    <ClCompile Include="..\Source\MsgManager.cpp">
      <Filter>97.Manager\99.MsgManager</Filter>
    </ClCompile>
    <ClCompile Include="..\Source\Bub.cpp">
      <Filter>02.GameObject\00.Monster\01.Bub</Filter>
    </ClCompile>
    <ClCompile Include="..\Source\FactoryManager.cpp">
      <Filter>97.Manager\98.FactoryManager</Filter>
    </ClCompile>
    <ClCompile Include="..\Source\TexturePool.cpp">
      <Filter>04.Pool\00.Texture\00.Base</Filter>
    </ClCompile>
    <ClCompile Include="..\Source\TexturePoolManager.cpp">
      <Filter>04.Pool\00.Texture\01.Manager</Filter>
    </ClCompile>
    <ClCompile Include="..\Source\Player.cpp">
      <Filter>02.GameObject\00.Player</Filter>
    </ClCompile>
    <ClCompile Include="..\Source\Sector.cpp">
      <Filter>02.GameObject\03.Sector</Filter>
    </ClCompile>
    <ClCompile Include="..\Source\Monster.cpp">
      <Filter>02.GameObject\00.Monster\00.Base</Filter>
    </ClCompile>
    <ClCompile Include="..\Source\PlayerSpawn.cpp">
      <Filter>02.GameObject\99.Trigger\00.PlayerSpawn</Filter>
    </ClCompile>
    <ClCompile Include="..\Source\Bullet.cpp">
      <Filter>02.GameObject\04.Bullet\00.Base</Filter>
    </ClCompile>
    <ClCompile Include="..\Source\PlayerBullet.cpp">
      <Filter>02.GameObject\04.Bullet\01.PlayerBullet</Filter>
    </ClCompile>
    <ClCompile Include="..\Source\BulletSpawn.cpp">
      <Filter>02.GameObject\99.Trigger\01.BulletSpawn</Filter>
    </ClCompile>
    <ClCompile Include="..\Source\Intro.cpp">
      <Filter>03.Scene\01.Intro</Filter>
    </ClCompile>
    <ClCompile Include="..\Source\Logo.cpp">
      <Filter>02.GameObject\04.UI\02.Logo</Filter>
    </ClCompile>
    <ClCompile Include="..\Source\Star.cpp">
      <Filter>02.GameObject\04.UI\01.Star</Filter>
    </ClCompile>
    <ClCompile Include="..\Source\IntroBackGround.cpp">
      <Filter>02.GameObject\04.UI\00.IntroBackGround</Filter>
    </ClCompile>
    <ClCompile Include="..\Source\sqrNub.cpp">
      <Filter>02.GameObject\00.Monster\03.sqrNub</Filter>
    </ClCompile>
    <ClCompile Include="..\Source\Rub.cpp">
      <Filter>02.GameObject\00.Monster\02.Rub</Filter>
    </ClCompile>
    <ClCompile Include="..\Source\Turret.cpp">
      <Filter>02.GameObject\00.Monster\04.Turret</Filter>
    </ClCompile>
    <ClCompile Include="..\Source\TurretBullet.cpp">
      <Filter>02.GameObject\00.Monster\04.Turret\00.TurretBullet</Filter>
    </ClCompile>
    <ClCompile Include="..\Source\AmmoGauge.cpp">
      <Filter>02.GameObject\04.UI\03.Ammo\00.Gauge</Filter>
    </ClCompile>
    <ClCompile Include="..\Source\AmmoFrame.cpp">
      <Filter>02.GameObject\04.UI\03.Ammo\01.Frame</Filter>
    </ClCompile>
    <ClCompile Include="..\Source\Heart.cpp">
      <Filter>02.GameObject\04.UI\05.Heart\00.Base</Filter>
    </ClCompile>
    <ClCompile Include="..\Source\HeartManager.cpp">
      <Filter>02.GameObject\04.UI\05.Heart\01.Manager</Filter>
    </ClCompile>
    <ClCompile Include="..\Source\Walker.cpp">
      <Filter>02.GameObject\00.Monster\05.Walker</Filter>
    </ClCompile>
    <ClCompile Include="..\Source\WalkerBullet.cpp">
      <Filter>02.GameObject\00.Monster\05.Walker\00.WalkerBullet</Filter>
    </ClCompile>
    <ClCompile Include="..\Source\Cryder.cpp">
      <Filter>02.GameObject\00.Monster\06.Cryder</Filter>
    </ClCompile>
    <ClCompile Include="..\Source\CrossHair.cpp">
      <Filter>02.GameObject\04.UI\06.CrossHair</Filter>
    </ClCompile>
    <ClCompile Include="..\Source\SkyBox.cpp">
      <Filter>02.GameObject\05.SkyBox</Filter>
    </ClCompile>
    <ClCompile Include="..\Source\ElectricTile.cpp">
      <Filter>02.GameObject\06.Tile\01.ElectricTile</Filter>
    </ClCompile>
    <ClCompile Include="..\Source\Tile.cpp">
      <Filter>02.GameObject\06.Tile\00.Base</Filter>
    </ClCompile>
    <ClCompile Include="..\Source\SwampTile.cpp">
      <Filter>02.GameObject\06.Tile\02.SwampTile</Filter>
    </ClCompile>
    <ClCompile Include="..\Source\LavaTile.cpp">
      <Filter>02.GameObject\06.Tile\03.LavaTile</Filter>
    </ClCompile>
    <ClCompile Include="..\Source\SandTile.cpp">
      <Filter>02.GameObject\06.Tile\04.SandTile</Filter>
    </ClCompile>
    <ClCompile Include="..\Source\Slider.cpp">
      <Filter>02.GameObject\07.trap\00.Slider</Filter>
    </ClCompile>
    <ClCompile Include="..\Source\SoundMgr.cpp">
      <Filter>97.Manager\01.SoundMananger</Filter>
    </ClCompile>
    <ClCompile Include="..\Source\WalkBossBullet.cpp">
      <Filter>02.GameObject\00.Monster\08.WalkerBoss\00.WalkerBossBullet</Filter>
    </ClCompile>
    <ClCompile Include="..\Source\WalkerBoss.cpp">
      <Filter>02.GameObject\00.Monster\08.WalkerBoss</Filter>
    </ClCompile>
    <ClCompile Include="..\Source\Egg.cpp">
      <Filter>02.GameObject\00.Monster\07.Egg</Filter>
    </ClCompile>
    <ClCompile Include="..\Source\NubBoss.cpp">
      <Filter>02.GameObject\00.Monster\09.NubBoss</Filter>
    </ClCompile>
    <ClCompile Include="..\Source\RoboBird.cpp">
      <Filter>02.GameObject\00.Monster\10.TreeBoss\01.RoboBird</Filter>
    </ClCompile>
    <ClCompile Include="..\Source\DoomBird.cpp">
      <Filter>02.GameObject\00.Monster\10.TreeBoss\00.DoomBird</Filter>
    </ClCompile>
    <ClCompile Include="..\Source\LightMananger.cpp">
      <Filter>97.Manager\02.LightManager</Filter>
    </ClCompile>
    <ClCompile Include="..\Source\TreeBoss.cpp">
      <Filter>02.GameObject\00.Monster\10.TreeBoss</Filter>
    </ClCompile>
    <ClCompile Include="..\Source\RootAttack.cpp">
      <Filter>02.GameObject\00.Monster\10.TreeBoss\02.RootAttack</Filter>
    </ClCompile>
    <ClCompile Include="..\Source\WormBoss.cpp">
      <Filter>02.GameObject\00.Monster\11.WormBoss</Filter>
    </ClCompile>
    <ClCompile Include="..\Source\Floor.cpp">
      <Filter>02.GameObject\98.Collider\00.Floor</Filter>
    </ClCompile>
    <ClCompile Include="..\Source\Wall.cpp">
      <Filter>02.GameObject\98.Collider\01.Wall</Filter>
    </ClCompile>
    <ClCompile Include="..\Source\WormBossBody.cpp">
      <Filter>02.GameObject\00.Monster\11.WormBoss\01.WormBossBody</Filter>
    </ClCompile>
  </ItemGroup>
  <ItemGroup>
    <Image Include="Client.ico">
      <Filter>99.Default\00.Resource</Filter>
    </Image>
    <Image Include="small.ico">
      <Filter>99.Default\00.Resource</Filter>
    </Image>
  </ItemGroup>
  <ItemGroup>
    <ResourceCompile Include="Client.rc">
      <Filter>99.Default\00.Resource</Filter>
    </ResourceCompile>
  </ItemGroup>
  <ItemGroup>
    <Text Include="ReadMe.txt">
      <Filter>99.Default\02.Header</Filter>
    </Text>
  </ItemGroup>
</Project>