
Microsoft Visual Studio Solution File, Format Version 12.00
# Visual Studio 14
VisualStudioVersion = 14.0.25420.1
MinimumVisualStudioVersion = 10.0.40219.1
Project("{8BC9CEB8-8B4A-11D0-8D11-00A0C91BC942}") = "Engine", "Engine\Include\Engine.vcxproj", "{E915D7BE-A6EB-41CC-B647-E647667814B3}"
EndProject
Project("{2150E333-8FDC-42A3-9474-1A3956D46DE8}") = "01.Engine", "01.Engine", "{F8E1FAE4-30D1-48C4-B336-4BEEF7840320}"
EndProject
Project("{2150E333-8FDC-42A3-9474-1A3956D46DE8}") = "00.Client", "00.Client", "{448163BF-5FE3-4AF8-A045-220F2B6857CE}"
EndProject
Project("{8BC9CEB8-8B4A-11D0-8D11-00A0C91BC942}") = "Client", "Client\Include\Client.vcxproj", "{AB20107F-A656-4081-A902-8F6EC58C2708}"
EndProject
Global
	GlobalSection(SolutionConfigurationPlatforms) = preSolution
		Debug|x64 = Debug|x64
		Debug|x86 = Debug|x86
		Release|x64 = Release|x64
		Release|x86 = Release|x86
	EndGlobalSection
	GlobalSection(ProjectConfigurationPlatforms) = postSolution
		{E915D7BE-A6EB-41CC-B647-E647667814B3}.Debug|x64.ActiveCfg = Debug|x64
		{E915D7BE-A6EB-41CC-B647-E647667814B3}.Debug|x64.Build.0 = Debug|x64
		{E915D7BE-A6EB-41CC-B647-E647667814B3}.Debug|x86.ActiveCfg = Debug|Win32
		{E915D7BE-A6EB-41CC-B647-E647667814B3}.Debug|x86.Build.0 = Debug|Win32
		{E915D7BE-A6EB-41CC-B647-E647667814B3}.Release|x64.ActiveCfg = Release|x64
		{E915D7BE-A6EB-41CC-B647-E647667814B3}.Release|x64.Build.0 = Release|x64
		{E915D7BE-A6EB-41CC-B647-E647667814B3}.Release|x86.ActiveCfg = Release|Win32
		{E915D7BE-A6EB-41CC-B647-E647667814B3}.Release|x86.Build.0 = Release|Win32
		{AB20107F-A656-4081-A902-8F6EC58C2708}.Debug|x64.ActiveCfg = Debug|x64
		{AB20107F-A656-4081-A902-8F6EC58C2708}.Debug|x64.Build.0 = Debug|x64
		{AB20107F-A656-4081-A902-8F6EC58C2708}.Debug|x86.ActiveCfg = Debug|Win32
		{AB20107F-A656-4081-A902-8F6EC58C2708}.Debug|x86.Build.0 = Debug|Win32
		{AB20107F-A656-4081-A902-8F6EC58C2708}.Release|x64.ActiveCfg = Release|x64
		{AB20107F-A656-4081-A902-8F6EC58C2708}.Release|x64.Build.0 = Release|x64
		{AB20107F-A656-4081-A902-8F6EC58C2708}.Release|x86.ActiveCfg = Release|Win32
		{AB20107F-A656-4081-A902-8F6EC58C2708}.Release|x86.Build.0 = Release|Win32
	EndGlobalSection
	GlobalSection(SolutionProperties) = preSolution
		HideSolutionNode = FALSE
	EndGlobalSection
	GlobalSection(NestedProjects) = preSolution
		{E915D7BE-A6EB-41CC-B647-E647667814B3} = {F8E1FAE4-30D1-48C4-B336-4BEEF7840320}
		{AB20107F-A656-4081-A902-8F6EC58C2708} = {448163BF-5FE3-4AF8-A045-220F2B6857CE}
	EndGlobalSection
EndGlobal
